
Microsoft Visual Studio Solution File, Format Version 12.00
# Visual Studio Version 17
VisualStudioVersion = 17.0.31919.166
MinimumVisualStudioVersion = 10.0.40219.1
Project("{2150E333-8FDC-42A3-9474-1A3956D46DE8}") = "WebRuntimeSample", "WebRuntimeSample", "{F28E772A-7D55-4B78-894A-C39DF7E36965}"
EndProject
Project("{2150E333-8FDC-42A3-9474-1A3956D46DE8}") = "MFC Sample", "MFC Sample", "{A0010E8F-5AA4-47B9-BC10-1562AB9DB935}"
EndProject
Project("{2150E333-8FDC-42A3-9474-1A3956D46DE8}") = ".NET Sample", ".NET Sample", "{1FF1F8EB-AC6D-40E4-A1B4-ED62D007CC1D}"
EndProject
Project("{8BC9CEB8-8B4A-11D0-8D11-00A0C91BC942}") = "CosmosForm", "Sample\MFCComponrnt\CosmosComponent\CosmosComponent.vcxproj", "{7D1DD7D9-D4DD-44BD-81A8-E3DF996EA02E}"
EndProject
Project("{FAE04EC0-301F-11D3-BF4B-00C04F79EFBC}") = "Tangram", "Sample\Dotnet\Tangram\Tangram.csproj", "{DCBD93D8-37CE-48A1-BCAB-A0026ED8CC98}"
EndProject
Project("{FAE04EC0-301F-11D3-BF4B-00C04F79EFBC}") = "SunnyCtrl", "Sample\DotnetComponent\SunnyCtrl\SunnyCtrl.csproj", "{E65E4ABA-F7FB-4B46-8E5E-15F9D2372973}"
EndProject
Project("{FAE04EC0-301F-11D3-BF4B-00C04F79EFBC}") = "SunnyCtrl2", "Sample\DotnetComponent\SunnyCtrl2\SunnyCtrl2.csproj", "{DB7F3307-F75F-418E-B2E4-3C16D7BA52EE}"
EndProject
Project("{FAE04EC0-301F-11D3-BF4B-00C04F79EFBC}") = "SunnyForms", "Sample\DotnetComponent\SunnyForms\SunnyForms.csproj", "{8FB77B2C-CE9C-4FA4-9B34-9B0A1A1CE13A}"
EndProject
Project("{FAE04EC0-301F-11D3-BF4B-00C04F79EFBC}") = "SunnyForms2", "Sample\DotnetComponent\SunnyForms2\SunnyForms2.csproj", "{34E37855-29F5-43C9-A49E-552E5F3D8215}"
EndProject
Project("{FAE04EC0-301F-11D3-BF4B-00C04F79EFBC}") = "SunnyWPF", "Sample\DotnetComponent\SunnyWPF\SunnyWPF.csproj", "{12CBA47A-A026-4668-B97F-65D7118B8807}"
EndProject
Project("{FAE04EC0-301F-11D3-BF4B-00C04F79EFBC}") = "SunnyMDIForms", "Sample\DotnetComponent\SunnyMDIForms\SunnyMDIForms.csproj", "{CF5D5EAE-EFC2-4F15-9EEA-E35315F1C717}"
EndProject
Project("{8BC9CEB8-8B4A-11D0-8D11-00A0C91BC942}") = "MFCDlgApp", "Sample\MFC\MFCDlgApp\MFCDlgApp.vcxproj", "{A8A7A5EE-A1AE-4A8A-9FF4-999063E3BFC0}"
EndProject
Project("{8BC9CEB8-8B4A-11D0-8D11-00A0C91BC942}") = "MFCMDIApp", "Sample\MFC\MFCMDIApp\MFCMDIApp.vcxproj", "{2E9963AC-12F9-4E09-82B6-AFDA5DA98E1B}"
EndProject
Project("{8BC9CEB8-8B4A-11D0-8D11-00A0C91BC942}") = "MFCMDTApp", "Sample\MFC\MFCMDTApp\MFCMDTApp.vcxproj", "{3A885850-52FD-42A5-8B92-F4059120A99F}"
EndProject
Project("{8BC9CEB8-8B4A-11D0-8D11-00A0C91BC942}") = "MFCMDIExApp", "Sample\MFC\MFCMDIExApp\MFCMDIExApp.vcxproj", "{00931861-5D56-452A-B121-D0A8A4393AA1}"
EndProject
Project("{8BC9CEB8-8B4A-11D0-8D11-00A0C91BC942}") = "MFCSDIApp", "Sample\MFC\MFCSDIApp\MFCSDIApp.vcxproj", "{1A1255AB-2B46-42F5-8FC5-377334A7E175}"
EndProject
Project("{8BC9CEB8-8B4A-11D0-8D11-00A0C91BC942}") = "MFCSDIExApp", "Sample\MFC\MFCSDIExApp\MFCSDIExApp.vcxproj", "{CD65D492-6FA4-459B-8091-1AA5AA85F2FE}"
EndProject
Project("{2150E333-8FDC-42A3-9474-1A3956D46DE8}") = ".NET Component", ".NET Component", "{CCF49FD6-428E-47A2-B444-A45D79B0753A}"
EndProject
Project("{2150E333-8FDC-42A3-9474-1A3956D46DE8}") = "MFC Component", "MFC Component", "{72D49DBE-802A-40C4-986B-0EA69E6C81A7}"
EndProject
Project("{8BC9CEB8-8B4A-11D0-8D11-00A0C91BC942}") = "ExcelTabWnd", "Sample\MFCComponrnt\ExcelTabWnd\ExcelTabWnd.vcxproj", "{3AC7B746-F6D4-4F9A-ABEC-5EF6211EA566}"
EndProject
Project("{FAE04EC0-301F-11D3-BF4B-00C04F79EFBC}") = "TangramMDI", "Sample\Dotnet\TangramMDI\TangramMDI.csproj", "{203DBA4B-2445-4165-A4F6-435735982F95}"
EndProject
Project("{8BC9CEB8-8B4A-11D0-8D11-00A0C91BC942}") = "UniversePro", "..\WebRuntime\src\UniversePro\UniversePro.vcxproj", "{1FE0A9AB-CE78-4109-94FC-25806D373846}"
EndProject
Project("{8BC9CEB8-8B4A-11D0-8D11-00A0C91BC942}") = "Cosmos", "..\WebRuntime\src\CosmosPro\CosmosPro.vcxproj", "{7B3BE494-B1AE-4341-9D85-2B2399AB3103}"
EndProject
Project("{2150E333-8FDC-42A3-9474-1A3956D46DE8}") = "SDK", "SDK", "{051D5B0D-8A86-45F0-88AD-BAC938482391}"
EndProject
Project("{8BC9CEB8-8B4A-11D0-8D11-00A0C91BC942}") = "MFCMDTExApp", "Sample\MFC\MFCMDTExApp\MFCMDTExApp.vcxproj", "{26BA5D7A-A2E2-471A-BDA5-136A34469EF1}"
EndProject
Project("{8BC9CEB8-8B4A-11D0-8D11-00A0C91BC942}") = "BrowserApp", "Sample\SDK\BrowserApp\BrowserApp.vcxproj", "{E4A6078A-5621-4D7A-A275-FBA78DA95093}"
EndProject
Project("{8BC9CEB8-8B4A-11D0-8D11-00A0C91BC942}") = "ColorWindow", "Sample\SDK\ColorWindow\ColorWindow.vcxproj", "{883FB30E-E7BD-4B42-8D12-EF1ECF70085D}"
EndProject
Project("{2150E333-8FDC-42A3-9474-1A3956D46DE8}") = "ATLSample", "ATLSample", "{203539CC-7886-42A3-AA7A-BBC117C3A492}"
EndProject
Project("{8BC9CEB8-8B4A-11D0-8D11-00A0C91BC942}") = "ATLApp", "Sample\ATL\ATLApp\ATLApp.vcxproj", "{F97426FE-668F-4CE5-A318-600F2C333DBF}"
EndProject
Project("{2150E333-8FDC-42A3-9474-1A3956D46DE8}") = "CoreComp", "CoreComp", "{7B009A57-8DBF-4521-A2D0-5553601682A8}"
EndProject
Project("{9A19103F-16F7-4668-BE54-9A1E7A4F7556}") = "testFormLib", "Sample\DotnetComponent\testFormLib\testFormLib.csproj", "{E96DC23C-303A-4D39-8873-FA7431F5F334}"
EndProject
Global
	GlobalSection(SolutionConfigurationPlatforms) = preSolution
		Debug|Any CPU = Debug|Any CPU
		Debug|x64 = Debug|x64
		Debug|x86 = Debug|x86
		GN|Any CPU = GN|Any CPU
		GN|x64 = GN|x64
		GN|x86 = GN|x86
		Release|Any CPU = Release|Any CPU
		Release|x64 = Release|x64
		Release|x86 = Release|x86
	EndGlobalSection
	GlobalSection(ProjectConfigurationPlatforms) = postSolution
		{7D1DD7D9-D4DD-44BD-81A8-E3DF996EA02E}.Debug|Any CPU.ActiveCfg = Debug|Win32
		{7D1DD7D9-D4DD-44BD-81A8-E3DF996EA02E}.Debug|x64.ActiveCfg = Debug|x64
		{7D1DD7D9-D4DD-44BD-81A8-E3DF996EA02E}.Debug|x64.Build.0 = Debug|x64
		{7D1DD7D9-D4DD-44BD-81A8-E3DF996EA02E}.Debug|x86.ActiveCfg = Debug|Win32
		{7D1DD7D9-D4DD-44BD-81A8-E3DF996EA02E}.Debug|x86.Build.0 = Debug|Win32
		{7D1DD7D9-D4DD-44BD-81A8-E3DF996EA02E}.GN|Any CPU.ActiveCfg = Release|x64
		{7D1DD7D9-D4DD-44BD-81A8-E3DF996EA02E}.GN|Any CPU.Build.0 = Release|x64
		{7D1DD7D9-D4DD-44BD-81A8-E3DF996EA02E}.GN|x64.ActiveCfg = Release|x64
		{7D1DD7D9-D4DD-44BD-81A8-E3DF996EA02E}.GN|x64.Build.0 = Release|x64
		{7D1DD7D9-D4DD-44BD-81A8-E3DF996EA02E}.GN|x86.ActiveCfg = Release|Win32
		{7D1DD7D9-D4DD-44BD-81A8-E3DF996EA02E}.GN|x86.Build.0 = Release|Win32
		{7D1DD7D9-D4DD-44BD-81A8-E3DF996EA02E}.Release|Any CPU.ActiveCfg = Release|Win32
		{7D1DD7D9-D4DD-44BD-81A8-E3DF996EA02E}.Release|x64.ActiveCfg = Release|x64
		{7D1DD7D9-D4DD-44BD-81A8-E3DF996EA02E}.Release|x64.Build.0 = Release|x64
		{7D1DD7D9-D4DD-44BD-81A8-E3DF996EA02E}.Release|x86.ActiveCfg = Release|Win32
		{7D1DD7D9-D4DD-44BD-81A8-E3DF996EA02E}.Release|x86.Build.0 = Release|Win32
		{DCBD93D8-37CE-48A1-BCAB-A0026ED8CC98}.Debug|Any CPU.ActiveCfg = Debug|Any CPU
		{DCBD93D8-37CE-48A1-BCAB-A0026ED8CC98}.Debug|Any CPU.Build.0 = Debug|Any CPU
		{DCBD93D8-37CE-48A1-BCAB-A0026ED8CC98}.Debug|x64.ActiveCfg = Debug|Any CPU
		{DCBD93D8-37CE-48A1-BCAB-A0026ED8CC98}.Debug|x64.Build.0 = Debug|Any CPU
		{DCBD93D8-37CE-48A1-BCAB-A0026ED8CC98}.Debug|x86.ActiveCfg = Debug|Any CPU
		{DCBD93D8-37CE-48A1-BCAB-A0026ED8CC98}.Debug|x86.Build.0 = Debug|Any CPU
		{DCBD93D8-37CE-48A1-BCAB-A0026ED8CC98}.GN|Any CPU.ActiveCfg = Release|Any CPU
		{DCBD93D8-37CE-48A1-BCAB-A0026ED8CC98}.GN|Any CPU.Build.0 = Release|Any CPU
		{DCBD93D8-37CE-48A1-BCAB-A0026ED8CC98}.GN|x64.ActiveCfg = Release|Any CPU
		{DCBD93D8-37CE-48A1-BCAB-A0026ED8CC98}.GN|x64.Build.0 = Release|Any CPU
		{DCBD93D8-37CE-48A1-BCAB-A0026ED8CC98}.GN|x86.ActiveCfg = Release|Any CPU
		{DCBD93D8-37CE-48A1-BCAB-A0026ED8CC98}.GN|x86.Build.0 = Release|Any CPU
		{DCBD93D8-37CE-48A1-BCAB-A0026ED8CC98}.Release|Any CPU.ActiveCfg = Release|Any CPU
		{DCBD93D8-37CE-48A1-BCAB-A0026ED8CC98}.Release|Any CPU.Build.0 = Release|Any CPU
		{DCBD93D8-37CE-48A1-BCAB-A0026ED8CC98}.Release|x64.ActiveCfg = Release|Any CPU
		{DCBD93D8-37CE-48A1-BCAB-A0026ED8CC98}.Release|x64.Build.0 = Release|Any CPU
		{DCBD93D8-37CE-48A1-BCAB-A0026ED8CC98}.Release|x86.ActiveCfg = Release|Any CPU
		{DCBD93D8-37CE-48A1-BCAB-A0026ED8CC98}.Release|x86.Build.0 = Release|Any CPU
		{E65E4ABA-F7FB-4B46-8E5E-15F9D2372973}.Debug|Any CPU.ActiveCfg = Debug|Any CPU
		{E65E4ABA-F7FB-4B46-8E5E-15F9D2372973}.Debug|Any CPU.Build.0 = Debug|Any CPU
		{E65E4ABA-F7FB-4B46-8E5E-15F9D2372973}.Debug|x64.ActiveCfg = Debug|Any CPU
		{E65E4ABA-F7FB-4B46-8E5E-15F9D2372973}.Debug|x64.Build.0 = Debug|Any CPU
		{E65E4ABA-F7FB-4B46-8E5E-15F9D2372973}.Debug|x86.ActiveCfg = Debug|Any CPU
		{E65E4ABA-F7FB-4B46-8E5E-15F9D2372973}.Debug|x86.Build.0 = Debug|Any CPU
		{E65E4ABA-F7FB-4B46-8E5E-15F9D2372973}.GN|Any CPU.ActiveCfg = Release|Any CPU
		{E65E4ABA-F7FB-4B46-8E5E-15F9D2372973}.GN|Any CPU.Build.0 = Release|Any CPU
		{E65E4ABA-F7FB-4B46-8E5E-15F9D2372973}.GN|x64.ActiveCfg = Release|Any CPU
		{E65E4ABA-F7FB-4B46-8E5E-15F9D2372973}.GN|x64.Build.0 = Release|Any CPU
		{E65E4ABA-F7FB-4B46-8E5E-15F9D2372973}.GN|x86.ActiveCfg = Release|Any CPU
		{E65E4ABA-F7FB-4B46-8E5E-15F9D2372973}.GN|x86.Build.0 = Release|Any CPU
		{E65E4ABA-F7FB-4B46-8E5E-15F9D2372973}.Release|Any CPU.ActiveCfg = Release|Any CPU
		{E65E4ABA-F7FB-4B46-8E5E-15F9D2372973}.Release|Any CPU.Build.0 = Release|Any CPU
		{E65E4ABA-F7FB-4B46-8E5E-15F9D2372973}.Release|x64.ActiveCfg = Release|Any CPU
		{E65E4ABA-F7FB-4B46-8E5E-15F9D2372973}.Release|x64.Build.0 = Release|Any CPU
		{E65E4ABA-F7FB-4B46-8E5E-15F9D2372973}.Release|x86.ActiveCfg = Release|Any CPU
		{E65E4ABA-F7FB-4B46-8E5E-15F9D2372973}.Release|x86.Build.0 = Release|Any CPU
		{DB7F3307-F75F-418E-B2E4-3C16D7BA52EE}.Debug|Any CPU.ActiveCfg = Debug|Any CPU
		{DB7F3307-F75F-418E-B2E4-3C16D7BA52EE}.Debug|Any CPU.Build.0 = Debug|Any CPU
		{DB7F3307-F75F-418E-B2E4-3C16D7BA52EE}.Debug|x64.ActiveCfg = Debug|Any CPU
		{DB7F3307-F75F-418E-B2E4-3C16D7BA52EE}.Debug|x64.Build.0 = Debug|Any CPU
		{DB7F3307-F75F-418E-B2E4-3C16D7BA52EE}.Debug|x86.ActiveCfg = Debug|Any CPU
		{DB7F3307-F75F-418E-B2E4-3C16D7BA52EE}.Debug|x86.Build.0 = Debug|Any CPU
		{DB7F3307-F75F-418E-B2E4-3C16D7BA52EE}.GN|Any CPU.ActiveCfg = Release|Any CPU
		{DB7F3307-F75F-418E-B2E4-3C16D7BA52EE}.GN|Any CPU.Build.0 = Release|Any CPU
		{DB7F3307-F75F-418E-B2E4-3C16D7BA52EE}.GN|x64.ActiveCfg = Release|Any CPU
		{DB7F3307-F75F-418E-B2E4-3C16D7BA52EE}.GN|x64.Build.0 = Release|Any CPU
		{DB7F3307-F75F-418E-B2E4-3C16D7BA52EE}.GN|x86.ActiveCfg = Release|Any CPU
		{DB7F3307-F75F-418E-B2E4-3C16D7BA52EE}.GN|x86.Build.0 = Release|Any CPU
		{DB7F3307-F75F-418E-B2E4-3C16D7BA52EE}.Release|Any CPU.ActiveCfg = Release|Any CPU
		{DB7F3307-F75F-418E-B2E4-3C16D7BA52EE}.Release|Any CPU.Build.0 = Release|Any CPU
		{DB7F3307-F75F-418E-B2E4-3C16D7BA52EE}.Release|x64.ActiveCfg = Release|Any CPU
		{DB7F3307-F75F-418E-B2E4-3C16D7BA52EE}.Release|x64.Build.0 = Release|Any CPU
		{DB7F3307-F75F-418E-B2E4-3C16D7BA52EE}.Release|x86.ActiveCfg = Release|Any CPU
		{DB7F3307-F75F-418E-B2E4-3C16D7BA52EE}.Release|x86.Build.0 = Release|Any CPU
		{8FB77B2C-CE9C-4FA4-9B34-9B0A1A1CE13A}.Debug|Any CPU.ActiveCfg = Debug|Any CPU
		{8FB77B2C-CE9C-4FA4-9B34-9B0A1A1CE13A}.Debug|Any CPU.Build.0 = Debug|Any CPU
		{8FB77B2C-CE9C-4FA4-9B34-9B0A1A1CE13A}.Debug|x64.ActiveCfg = Debug|Any CPU
		{8FB77B2C-CE9C-4FA4-9B34-9B0A1A1CE13A}.Debug|x64.Build.0 = Debug|Any CPU
		{8FB77B2C-CE9C-4FA4-9B34-9B0A1A1CE13A}.Debug|x86.ActiveCfg = Debug|Any CPU
		{8FB77B2C-CE9C-4FA4-9B34-9B0A1A1CE13A}.Debug|x86.Build.0 = Debug|Any CPU
		{8FB77B2C-CE9C-4FA4-9B34-9B0A1A1CE13A}.GN|Any CPU.ActiveCfg = Release|Any CPU
		{8FB77B2C-CE9C-4FA4-9B34-9B0A1A1CE13A}.GN|Any CPU.Build.0 = Release|Any CPU
		{8FB77B2C-CE9C-4FA4-9B34-9B0A1A1CE13A}.GN|x64.ActiveCfg = Release|Any CPU
		{8FB77B2C-CE9C-4FA4-9B34-9B0A1A1CE13A}.GN|x64.Build.0 = Release|Any CPU
		{8FB77B2C-CE9C-4FA4-9B34-9B0A1A1CE13A}.GN|x86.ActiveCfg = Release|Any CPU
		{8FB77B2C-CE9C-4FA4-9B34-9B0A1A1CE13A}.GN|x86.Build.0 = Release|Any CPU
		{8FB77B2C-CE9C-4FA4-9B34-9B0A1A1CE13A}.Release|Any CPU.ActiveCfg = Release|Any CPU
		{8FB77B2C-CE9C-4FA4-9B34-9B0A1A1CE13A}.Release|Any CPU.Build.0 = Release|Any CPU
		{8FB77B2C-CE9C-4FA4-9B34-9B0A1A1CE13A}.Release|x64.ActiveCfg = Release|Any CPU
		{8FB77B2C-CE9C-4FA4-9B34-9B0A1A1CE13A}.Release|x64.Build.0 = Release|Any CPU
		{8FB77B2C-CE9C-4FA4-9B34-9B0A1A1CE13A}.Release|x86.ActiveCfg = Release|Any CPU
		{8FB77B2C-CE9C-4FA4-9B34-9B0A1A1CE13A}.Release|x86.Build.0 = Release|Any CPU
		{34E37855-29F5-43C9-A49E-552E5F3D8215}.Debug|Any CPU.ActiveCfg = Debug|Any CPU
		{34E37855-29F5-43C9-A49E-552E5F3D8215}.Debug|Any CPU.Build.0 = Debug|Any CPU
		{34E37855-29F5-43C9-A49E-552E5F3D8215}.Debug|x64.ActiveCfg = Debug|Any CPU
		{34E37855-29F5-43C9-A49E-552E5F3D8215}.Debug|x64.Build.0 = Debug|Any CPU
		{34E37855-29F5-43C9-A49E-552E5F3D8215}.Debug|x86.ActiveCfg = Debug|Any CPU
		{34E37855-29F5-43C9-A49E-552E5F3D8215}.Debug|x86.Build.0 = Debug|Any CPU
		{34E37855-29F5-43C9-A49E-552E5F3D8215}.GN|Any CPU.ActiveCfg = Release|Any CPU
		{34E37855-29F5-43C9-A49E-552E5F3D8215}.GN|Any CPU.Build.0 = Release|Any CPU
		{34E37855-29F5-43C9-A49E-552E5F3D8215}.GN|x64.ActiveCfg = Release|Any CPU
		{34E37855-29F5-43C9-A49E-552E5F3D8215}.GN|x64.Build.0 = Release|Any CPU
		{34E37855-29F5-43C9-A49E-552E5F3D8215}.GN|x86.ActiveCfg = Release|Any CPU
		{34E37855-29F5-43C9-A49E-552E5F3D8215}.GN|x86.Build.0 = Release|Any CPU
		{34E37855-29F5-43C9-A49E-552E5F3D8215}.Release|Any CPU.ActiveCfg = Release|Any CPU
		{34E37855-29F5-43C9-A49E-552E5F3D8215}.Release|Any CPU.Build.0 = Release|Any CPU
		{34E37855-29F5-43C9-A49E-552E5F3D8215}.Release|x64.ActiveCfg = Release|Any CPU
		{34E37855-29F5-43C9-A49E-552E5F3D8215}.Release|x64.Build.0 = Release|Any CPU
		{34E37855-29F5-43C9-A49E-552E5F3D8215}.Release|x86.ActiveCfg = Release|Any CPU
		{34E37855-29F5-43C9-A49E-552E5F3D8215}.Release|x86.Build.0 = Release|Any CPU
		{12CBA47A-A026-4668-B97F-65D7118B8807}.Debug|Any CPU.ActiveCfg = Debug|Any CPU
		{12CBA47A-A026-4668-B97F-65D7118B8807}.Debug|Any CPU.Build.0 = Debug|Any CPU
		{12CBA47A-A026-4668-B97F-65D7118B8807}.Debug|x64.ActiveCfg = Debug|Any CPU
		{12CBA47A-A026-4668-B97F-65D7118B8807}.Debug|x64.Build.0 = Debug|Any CPU
		{12CBA47A-A026-4668-B97F-65D7118B8807}.Debug|x86.ActiveCfg = Debug|Any CPU
		{12CBA47A-A026-4668-B97F-65D7118B8807}.Debug|x86.Build.0 = Debug|Any CPU
		{12CBA47A-A026-4668-B97F-65D7118B8807}.GN|Any CPU.ActiveCfg = Release|Any CPU
		{12CBA47A-A026-4668-B97F-65D7118B8807}.GN|Any CPU.Build.0 = Release|Any CPU
		{12CBA47A-A026-4668-B97F-65D7118B8807}.GN|x64.ActiveCfg = Release|Any CPU
		{12CBA47A-A026-4668-B97F-65D7118B8807}.GN|x64.Build.0 = Release|Any CPU
		{12CBA47A-A026-4668-B97F-65D7118B8807}.GN|x86.ActiveCfg = Release|Any CPU
		{12CBA47A-A026-4668-B97F-65D7118B8807}.GN|x86.Build.0 = Release|Any CPU
		{12CBA47A-A026-4668-B97F-65D7118B8807}.Release|Any CPU.ActiveCfg = Release|Any CPU
		{12CBA47A-A026-4668-B97F-65D7118B8807}.Release|Any CPU.Build.0 = Release|Any CPU
		{12CBA47A-A026-4668-B97F-65D7118B8807}.Release|x64.ActiveCfg = Release|Any CPU
		{12CBA47A-A026-4668-B97F-65D7118B8807}.Release|x64.Build.0 = Release|Any CPU
		{12CBA47A-A026-4668-B97F-65D7118B8807}.Release|x86.ActiveCfg = Release|Any CPU
		{12CBA47A-A026-4668-B97F-65D7118B8807}.Release|x86.Build.0 = Release|Any CPU
		{CF5D5EAE-EFC2-4F15-9EEA-E35315F1C717}.Debug|Any CPU.ActiveCfg = Debug|Any CPU
		{CF5D5EAE-EFC2-4F15-9EEA-E35315F1C717}.Debug|Any CPU.Build.0 = Debug|Any CPU
		{CF5D5EAE-EFC2-4F15-9EEA-E35315F1C717}.Debug|x64.ActiveCfg = Debug|Any CPU
		{CF5D5EAE-EFC2-4F15-9EEA-E35315F1C717}.Debug|x64.Build.0 = Debug|Any CPU
		{CF5D5EAE-EFC2-4F15-9EEA-E35315F1C717}.Debug|x86.ActiveCfg = Debug|Any CPU
		{CF5D5EAE-EFC2-4F15-9EEA-E35315F1C717}.Debug|x86.Build.0 = Debug|Any CPU
		{CF5D5EAE-EFC2-4F15-9EEA-E35315F1C717}.GN|Any CPU.ActiveCfg = Release|Any CPU
		{CF5D5EAE-EFC2-4F15-9EEA-E35315F1C717}.GN|Any CPU.Build.0 = Release|Any CPU
		{CF5D5EAE-EFC2-4F15-9EEA-E35315F1C717}.GN|x64.ActiveCfg = Release|Any CPU
		{CF5D5EAE-EFC2-4F15-9EEA-E35315F1C717}.GN|x64.Build.0 = Release|Any CPU
		{CF5D5EAE-EFC2-4F15-9EEA-E35315F1C717}.GN|x86.ActiveCfg = Release|Any CPU
		{CF5D5EAE-EFC2-4F15-9EEA-E35315F1C717}.GN|x86.Build.0 = Release|Any CPU
		{CF5D5EAE-EFC2-4F15-9EEA-E35315F1C717}.Release|Any CPU.ActiveCfg = Release|Any CPU
		{CF5D5EAE-EFC2-4F15-9EEA-E35315F1C717}.Release|Any CPU.Build.0 = Release|Any CPU
		{CF5D5EAE-EFC2-4F15-9EEA-E35315F1C717}.Release|x64.ActiveCfg = Release|Any CPU
		{CF5D5EAE-EFC2-4F15-9EEA-E35315F1C717}.Release|x64.Build.0 = Release|Any CPU
		{CF5D5EAE-EFC2-4F15-9EEA-E35315F1C717}.Release|x86.ActiveCfg = Release|Any CPU
		{CF5D5EAE-EFC2-4F15-9EEA-E35315F1C717}.Release|x86.Build.0 = Release|Any CPU
		{A8A7A5EE-A1AE-4A8A-9FF4-999063E3BFC0}.Debug|Any CPU.ActiveCfg = Debug|Win32
		{A8A7A5EE-A1AE-4A8A-9FF4-999063E3BFC0}.Debug|x64.ActiveCfg = Debug|x64
		{A8A7A5EE-A1AE-4A8A-9FF4-999063E3BFC0}.Debug|x64.Build.0 = Debug|x64
		{A8A7A5EE-A1AE-4A8A-9FF4-999063E3BFC0}.Debug|x86.ActiveCfg = Debug|Win32
		{A8A7A5EE-A1AE-4A8A-9FF4-999063E3BFC0}.Debug|x86.Build.0 = Debug|Win32
		{A8A7A5EE-A1AE-4A8A-9FF4-999063E3BFC0}.GN|Any CPU.ActiveCfg = Release|x64
		{A8A7A5EE-A1AE-4A8A-9FF4-999063E3BFC0}.GN|Any CPU.Build.0 = Release|x64
		{A8A7A5EE-A1AE-4A8A-9FF4-999063E3BFC0}.GN|x64.ActiveCfg = Release|x64
		{A8A7A5EE-A1AE-4A8A-9FF4-999063E3BFC0}.GN|x64.Build.0 = Release|x64
		{A8A7A5EE-A1AE-4A8A-9FF4-999063E3BFC0}.GN|x86.ActiveCfg = Release|Win32
		{A8A7A5EE-A1AE-4A8A-9FF4-999063E3BFC0}.GN|x86.Build.0 = Release|Win32
		{A8A7A5EE-A1AE-4A8A-9FF4-999063E3BFC0}.Release|Any CPU.ActiveCfg = Release|Win32
		{A8A7A5EE-A1AE-4A8A-9FF4-999063E3BFC0}.Release|x64.ActiveCfg = Release|x64
		{A8A7A5EE-A1AE-4A8A-9FF4-999063E3BFC0}.Release|x64.Build.0 = Release|x64
		{A8A7A5EE-A1AE-4A8A-9FF4-999063E3BFC0}.Release|x86.ActiveCfg = Release|Win32
		{A8A7A5EE-A1AE-4A8A-9FF4-999063E3BFC0}.Release|x86.Build.0 = Release|Win32
		{2E9963AC-12F9-4E09-82B6-AFDA5DA98E1B}.Debug|Any CPU.ActiveCfg = Debug|Win32
		{2E9963AC-12F9-4E09-82B6-AFDA5DA98E1B}.Debug|x64.ActiveCfg = Debug|x64
		{2E9963AC-12F9-4E09-82B6-AFDA5DA98E1B}.Debug|x64.Build.0 = Debug|x64
		{2E9963AC-12F9-4E09-82B6-AFDA5DA98E1B}.Debug|x86.ActiveCfg = Debug|Win32
		{2E9963AC-12F9-4E09-82B6-AFDA5DA98E1B}.Debug|x86.Build.0 = Debug|Win32
		{2E9963AC-12F9-4E09-82B6-AFDA5DA98E1B}.GN|Any CPU.ActiveCfg = Release|x64
		{2E9963AC-12F9-4E09-82B6-AFDA5DA98E1B}.GN|Any CPU.Build.0 = Release|x64
		{2E9963AC-12F9-4E09-82B6-AFDA5DA98E1B}.GN|x64.ActiveCfg = Release|x64
		{2E9963AC-12F9-4E09-82B6-AFDA5DA98E1B}.GN|x64.Build.0 = Release|x64
		{2E9963AC-12F9-4E09-82B6-AFDA5DA98E1B}.GN|x86.ActiveCfg = Release|Win32
		{2E9963AC-12F9-4E09-82B6-AFDA5DA98E1B}.GN|x86.Build.0 = Release|Win32
		{2E9963AC-12F9-4E09-82B6-AFDA5DA98E1B}.Release|Any CPU.ActiveCfg = Release|Win32
		{2E9963AC-12F9-4E09-82B6-AFDA5DA98E1B}.Release|x64.ActiveCfg = Release|x64
		{2E9963AC-12F9-4E09-82B6-AFDA5DA98E1B}.Release|x64.Build.0 = Release|x64
		{2E9963AC-12F9-4E09-82B6-AFDA5DA98E1B}.Release|x86.ActiveCfg = Release|Win32
		{2E9963AC-12F9-4E09-82B6-AFDA5DA98E1B}.Release|x86.Build.0 = Release|Win32
		{3A885850-52FD-42A5-8B92-F4059120A99F}.Debug|Any CPU.ActiveCfg = Debug|Win32
		{3A885850-52FD-42A5-8B92-F4059120A99F}.Debug|x64.ActiveCfg = Debug|x64
		{3A885850-52FD-42A5-8B92-F4059120A99F}.Debug|x64.Build.0 = Debug|x64
		{3A885850-52FD-42A5-8B92-F4059120A99F}.Debug|x86.ActiveCfg = Debug|Win32
		{3A885850-52FD-42A5-8B92-F4059120A99F}.Debug|x86.Build.0 = Debug|Win32
		{3A885850-52FD-42A5-8B92-F4059120A99F}.GN|Any CPU.ActiveCfg = Release|x64
		{3A885850-52FD-42A5-8B92-F4059120A99F}.GN|Any CPU.Build.0 = Release|x64
		{3A885850-52FD-42A5-8B92-F4059120A99F}.GN|x64.ActiveCfg = Release|x64
		{3A885850-52FD-42A5-8B92-F4059120A99F}.GN|x64.Build.0 = Release|x64
		{3A885850-52FD-42A5-8B92-F4059120A99F}.GN|x86.ActiveCfg = Release|Win32
		{3A885850-52FD-42A5-8B92-F4059120A99F}.GN|x86.Build.0 = Release|Win32
		{3A885850-52FD-42A5-8B92-F4059120A99F}.Release|Any CPU.ActiveCfg = Release|Win32
		{3A885850-52FD-42A5-8B92-F4059120A99F}.Release|x64.ActiveCfg = Release|x64
		{3A885850-52FD-42A5-8B92-F4059120A99F}.Release|x64.Build.0 = Release|x64
		{3A885850-52FD-42A5-8B92-F4059120A99F}.Release|x86.ActiveCfg = Release|Win32
		{3A885850-52FD-42A5-8B92-F4059120A99F}.Release|x86.Build.0 = Release|Win32
		{00931861-5D56-452A-B121-D0A8A4393AA1}.Debug|Any CPU.ActiveCfg = Debug|Win32
		{00931861-5D56-452A-B121-D0A8A4393AA1}.Debug|x64.ActiveCfg = Debug|x64
		{00931861-5D56-452A-B121-D0A8A4393AA1}.Debug|x64.Build.0 = Debug|x64
		{00931861-5D56-452A-B121-D0A8A4393AA1}.Debug|x86.ActiveCfg = Debug|Win32
		{00931861-5D56-452A-B121-D0A8A4393AA1}.Debug|x86.Build.0 = Debug|Win32
		{00931861-5D56-452A-B121-D0A8A4393AA1}.GN|Any CPU.ActiveCfg = Release|x64
		{00931861-5D56-452A-B121-D0A8A4393AA1}.GN|Any CPU.Build.0 = Release|x64
		{00931861-5D56-452A-B121-D0A8A4393AA1}.GN|x64.ActiveCfg = Release|x64
		{00931861-5D56-452A-B121-D0A8A4393AA1}.GN|x64.Build.0 = Release|x64
		{00931861-5D56-452A-B121-D0A8A4393AA1}.GN|x86.ActiveCfg = Release|Win32
		{00931861-5D56-452A-B121-D0A8A4393AA1}.GN|x86.Build.0 = Release|Win32
		{00931861-5D56-452A-B121-D0A8A4393AA1}.Release|Any CPU.ActiveCfg = Release|Win32
		{00931861-5D56-452A-B121-D0A8A4393AA1}.Release|x64.ActiveCfg = Release|x64
		{00931861-5D56-452A-B121-D0A8A4393AA1}.Release|x64.Build.0 = Release|x64
		{00931861-5D56-452A-B121-D0A8A4393AA1}.Release|x86.ActiveCfg = Release|Win32
		{00931861-5D56-452A-B121-D0A8A4393AA1}.Release|x86.Build.0 = Release|Win32
		{1A1255AB-2B46-42F5-8FC5-377334A7E175}.Debug|Any CPU.ActiveCfg = Debug|Win32
		{1A1255AB-2B46-42F5-8FC5-377334A7E175}.Debug|x64.ActiveCfg = Debug|x64
		{1A1255AB-2B46-42F5-8FC5-377334A7E175}.Debug|x64.Build.0 = Debug|x64
		{1A1255AB-2B46-42F5-8FC5-377334A7E175}.Debug|x86.ActiveCfg = Debug|Win32
		{1A1255AB-2B46-42F5-8FC5-377334A7E175}.Debug|x86.Build.0 = Debug|Win32
		{1A1255AB-2B46-42F5-8FC5-377334A7E175}.GN|Any CPU.ActiveCfg = Release|x64
		{1A1255AB-2B46-42F5-8FC5-377334A7E175}.GN|Any CPU.Build.0 = Release|x64
		{1A1255AB-2B46-42F5-8FC5-377334A7E175}.GN|x64.ActiveCfg = Release|x64
		{1A1255AB-2B46-42F5-8FC5-377334A7E175}.GN|x64.Build.0 = Release|x64
		{1A1255AB-2B46-42F5-8FC5-377334A7E175}.GN|x86.ActiveCfg = Release|Win32
		{1A1255AB-2B46-42F5-8FC5-377334A7E175}.GN|x86.Build.0 = Release|Win32
		{1A1255AB-2B46-42F5-8FC5-377334A7E175}.Release|Any CPU.ActiveCfg = Release|Win32
		{1A1255AB-2B46-42F5-8FC5-377334A7E175}.Release|x64.ActiveCfg = Release|x64
		{1A1255AB-2B46-42F5-8FC5-377334A7E175}.Release|x64.Build.0 = Release|x64
		{1A1255AB-2B46-42F5-8FC5-377334A7E175}.Release|x86.ActiveCfg = Release|Win32
		{1A1255AB-2B46-42F5-8FC5-377334A7E175}.Release|x86.Build.0 = Release|Win32
		{CD65D492-6FA4-459B-8091-1AA5AA85F2FE}.Debug|Any CPU.ActiveCfg = Debug|Win32
		{CD65D492-6FA4-459B-8091-1AA5AA85F2FE}.Debug|x64.ActiveCfg = Debug|x64
		{CD65D492-6FA4-459B-8091-1AA5AA85F2FE}.Debug|x64.Build.0 = Debug|x64
		{CD65D492-6FA4-459B-8091-1AA5AA85F2FE}.Debug|x86.ActiveCfg = Debug|Win32
		{CD65D492-6FA4-459B-8091-1AA5AA85F2FE}.Debug|x86.Build.0 = Debug|Win32
		{CD65D492-6FA4-459B-8091-1AA5AA85F2FE}.GN|Any CPU.ActiveCfg = Release|x64
		{CD65D492-6FA4-459B-8091-1AA5AA85F2FE}.GN|Any CPU.Build.0 = Release|x64
		{CD65D492-6FA4-459B-8091-1AA5AA85F2FE}.GN|x64.ActiveCfg = Release|x64
		{CD65D492-6FA4-459B-8091-1AA5AA85F2FE}.GN|x64.Build.0 = Release|x64
		{CD65D492-6FA4-459B-8091-1AA5AA85F2FE}.GN|x86.ActiveCfg = Release|Win32
		{CD65D492-6FA4-459B-8091-1AA5AA85F2FE}.GN|x86.Build.0 = Release|Win32
		{CD65D492-6FA4-459B-8091-1AA5AA85F2FE}.Release|Any CPU.ActiveCfg = Release|Win32
		{CD65D492-6FA4-459B-8091-1AA5AA85F2FE}.Release|x64.ActiveCfg = Release|x64
		{CD65D492-6FA4-459B-8091-1AA5AA85F2FE}.Release|x64.Build.0 = Release|x64
		{CD65D492-6FA4-459B-8091-1AA5AA85F2FE}.Release|x86.ActiveCfg = Release|Win32
		{CD65D492-6FA4-459B-8091-1AA5AA85F2FE}.Release|x86.Build.0 = Release|Win32
		{3AC7B746-F6D4-4F9A-ABEC-5EF6211EA566}.Debug|Any CPU.ActiveCfg = Debug|x64
		{3AC7B746-F6D4-4F9A-ABEC-5EF6211EA566}.Debug|Any CPU.Build.0 = Debug|x64
		{3AC7B746-F6D4-4F9A-ABEC-5EF6211EA566}.Debug|x64.ActiveCfg = Debug|x64
		{3AC7B746-F6D4-4F9A-ABEC-5EF6211EA566}.Debug|x64.Build.0 = Debug|x64
		{3AC7B746-F6D4-4F9A-ABEC-5EF6211EA566}.Debug|x86.ActiveCfg = Debug|Win32
		{3AC7B746-F6D4-4F9A-ABEC-5EF6211EA566}.Debug|x86.Build.0 = Debug|Win32
		{3AC7B746-F6D4-4F9A-ABEC-5EF6211EA566}.GN|Any CPU.ActiveCfg = Debug|Win32
		{3AC7B746-F6D4-4F9A-ABEC-5EF6211EA566}.GN|Any CPU.Build.0 = Debug|Win32
		{3AC7B746-F6D4-4F9A-ABEC-5EF6211EA566}.GN|x64.ActiveCfg = Debug|x64
		{3AC7B746-F6D4-4F9A-ABEC-5EF6211EA566}.GN|x64.Build.0 = Debug|x64
		{3AC7B746-F6D4-4F9A-ABEC-5EF6211EA566}.GN|x86.ActiveCfg = Debug|Win32
		{3AC7B746-F6D4-4F9A-ABEC-5EF6211EA566}.GN|x86.Build.0 = Debug|Win32
		{3AC7B746-F6D4-4F9A-ABEC-5EF6211EA566}.Release|Any CPU.ActiveCfg = Release|x64
		{3AC7B746-F6D4-4F9A-ABEC-5EF6211EA566}.Release|Any CPU.Build.0 = Release|x64
		{3AC7B746-F6D4-4F9A-ABEC-5EF6211EA566}.Release|x64.ActiveCfg = Release|x64
		{3AC7B746-F6D4-4F9A-ABEC-5EF6211EA566}.Release|x64.Build.0 = Release|x64
		{3AC7B746-F6D4-4F9A-ABEC-5EF6211EA566}.Release|x86.ActiveCfg = Release|Win32
		{3AC7B746-F6D4-4F9A-ABEC-5EF6211EA566}.Release|x86.Build.0 = Release|Win32
		{203DBA4B-2445-4165-A4F6-435735982F95}.Debug|Any CPU.ActiveCfg = Debug|Any CPU
		{203DBA4B-2445-4165-A4F6-435735982F95}.Debug|Any CPU.Build.0 = Debug|Any CPU
		{203DBA4B-2445-4165-A4F6-435735982F95}.Debug|x64.ActiveCfg = Debug|Any CPU
		{203DBA4B-2445-4165-A4F6-435735982F95}.Debug|x64.Build.0 = Debug|Any CPU
		{203DBA4B-2445-4165-A4F6-435735982F95}.Debug|x86.ActiveCfg = Debug|Any CPU
		{203DBA4B-2445-4165-A4F6-435735982F95}.Debug|x86.Build.0 = Debug|Any CPU
		{203DBA4B-2445-4165-A4F6-435735982F95}.GN|Any CPU.ActiveCfg = Debug|Any CPU
		{203DBA4B-2445-4165-A4F6-435735982F95}.GN|Any CPU.Build.0 = Debug|Any CPU
		{203DBA4B-2445-4165-A4F6-435735982F95}.GN|x64.ActiveCfg = Debug|Any CPU
		{203DBA4B-2445-4165-A4F6-435735982F95}.GN|x64.Build.0 = Debug|Any CPU
		{203DBA4B-2445-4165-A4F6-435735982F95}.GN|x86.ActiveCfg = Debug|Any CPU
		{203DBA4B-2445-4165-A4F6-435735982F95}.GN|x86.Build.0 = Debug|Any CPU
		{203DBA4B-2445-4165-A4F6-435735982F95}.Release|Any CPU.ActiveCfg = Release|Any CPU
		{203DBA4B-2445-4165-A4F6-435735982F95}.Release|Any CPU.Build.0 = Release|Any CPU
		{203DBA4B-2445-4165-A4F6-435735982F95}.Release|x64.ActiveCfg = Release|Any CPU
		{203DBA4B-2445-4165-A4F6-435735982F95}.Release|x64.Build.0 = Release|Any CPU
		{203DBA4B-2445-4165-A4F6-435735982F95}.Release|x86.ActiveCfg = Release|Any CPU
		{203DBA4B-2445-4165-A4F6-435735982F95}.Release|x86.Build.0 = Release|Any CPU
		{1FE0A9AB-CE78-4109-94FC-25806D373846}.Debug|Any CPU.ActiveCfg = Debug|x64
		{1FE0A9AB-CE78-4109-94FC-25806D373846}.Debug|Any CPU.Build.0 = Debug|x64
		{1FE0A9AB-CE78-4109-94FC-25806D373846}.Debug|x64.ActiveCfg = Debug|x64
		{1FE0A9AB-CE78-4109-94FC-25806D373846}.Debug|x64.Build.0 = Debug|x64
		{1FE0A9AB-CE78-4109-94FC-25806D373846}.Debug|x86.ActiveCfg = Debug|Win32
		{1FE0A9AB-CE78-4109-94FC-25806D373846}.Debug|x86.Build.0 = Debug|Win32
		{1FE0A9AB-CE78-4109-94FC-25806D373846}.GN|Any CPU.ActiveCfg = Debug|x64
		{1FE0A9AB-CE78-4109-94FC-25806D373846}.GN|Any CPU.Build.0 = Debug|x64
		{1FE0A9AB-CE78-4109-94FC-25806D373846}.GN|x64.ActiveCfg = Debug|x64
		{1FE0A9AB-CE78-4109-94FC-25806D373846}.GN|x64.Build.0 = Debug|x64
		{1FE0A9AB-CE78-4109-94FC-25806D373846}.GN|x86.ActiveCfg = Debug|Win32
		{1FE0A9AB-CE78-4109-94FC-25806D373846}.GN|x86.Build.0 = Debug|Win32
		{1FE0A9AB-CE78-4109-94FC-25806D373846}.Release|Any CPU.ActiveCfg = Release|x64
		{1FE0A9AB-CE78-4109-94FC-25806D373846}.Release|Any CPU.Build.0 = Release|x64
		{1FE0A9AB-CE78-4109-94FC-25806D373846}.Release|x64.ActiveCfg = Release|x64
		{1FE0A9AB-CE78-4109-94FC-25806D373846}.Release|x64.Build.0 = Release|x64
		{1FE0A9AB-CE78-4109-94FC-25806D373846}.Release|x86.ActiveCfg = Release|Win32
		{1FE0A9AB-CE78-4109-94FC-25806D373846}.Release|x86.Build.0 = Release|Win32
		{7B3BE494-B1AE-4341-9D85-2B2399AB3103}.Debug|Any CPU.ActiveCfg = Debug|x64
		{7B3BE494-B1AE-4341-9D85-2B2399AB3103}.Debug|Any CPU.Build.0 = Debug|x64
		{7B3BE494-B1AE-4341-9D85-2B2399AB3103}.Debug|x64.ActiveCfg = Debug|x64
		{7B3BE494-B1AE-4341-9D85-2B2399AB3103}.Debug|x64.Build.0 = Debug|x64
		{7B3BE494-B1AE-4341-9D85-2B2399AB3103}.Debug|x86.ActiveCfg = Debug|Win32
		{7B3BE494-B1AE-4341-9D85-2B2399AB3103}.Debug|x86.Build.0 = Debug|Win32
		{7B3BE494-B1AE-4341-9D85-2B2399AB3103}.GN|Any CPU.ActiveCfg = Debug|x64
		{7B3BE494-B1AE-4341-9D85-2B2399AB3103}.GN|Any CPU.Build.0 = Debug|x64
		{7B3BE494-B1AE-4341-9D85-2B2399AB3103}.GN|x64.ActiveCfg = Debug|x64
		{7B3BE494-B1AE-4341-9D85-2B2399AB3103}.GN|x64.Build.0 = Debug|x64
		{7B3BE494-B1AE-4341-9D85-2B2399AB3103}.GN|x86.ActiveCfg = Debug|Win32
		{7B3BE494-B1AE-4341-9D85-2B2399AB3103}.GN|x86.Build.0 = Debug|Win32
		{7B3BE494-B1AE-4341-9D85-2B2399AB3103}.Release|Any CPU.ActiveCfg = Release|x64
		{7B3BE494-B1AE-4341-9D85-2B2399AB3103}.Release|Any CPU.Build.0 = Release|x64
		{7B3BE494-B1AE-4341-9D85-2B2399AB3103}.Release|x64.ActiveCfg = Release|x64
		{7B3BE494-B1AE-4341-9D85-2B2399AB3103}.Release|x64.Build.0 = Release|x64
		{7B3BE494-B1AE-4341-9D85-2B2399AB3103}.Release|x86.ActiveCfg = Release|Win32
		{7B3BE494-B1AE-4341-9D85-2B2399AB3103}.Release|x86.Build.0 = Release|Win32
		{26BA5D7A-A2E2-471A-BDA5-136A34469EF1}.Debug|Any CPU.ActiveCfg = Debug|x64
		{26BA5D7A-A2E2-471A-BDA5-136A34469EF1}.Debug|Any CPU.Build.0 = Debug|x64
		{26BA5D7A-A2E2-471A-BDA5-136A34469EF1}.Debug|x64.ActiveCfg = Debug|x64
		{26BA5D7A-A2E2-471A-BDA5-136A34469EF1}.Debug|x64.Build.0 = Debug|x64
		{26BA5D7A-A2E2-471A-BDA5-136A34469EF1}.Debug|x86.ActiveCfg = Debug|Win32
		{26BA5D7A-A2E2-471A-BDA5-136A34469EF1}.Debug|x86.Build.0 = Debug|Win32
		{26BA5D7A-A2E2-471A-BDA5-136A34469EF1}.GN|Any CPU.ActiveCfg = Debug|x64
		{26BA5D7A-A2E2-471A-BDA5-136A34469EF1}.GN|Any CPU.Build.0 = Debug|x64
		{26BA5D7A-A2E2-471A-BDA5-136A34469EF1}.GN|x64.ActiveCfg = Debug|x64
		{26BA5D7A-A2E2-471A-BDA5-136A34469EF1}.GN|x64.Build.0 = Debug|x64
		{26BA5D7A-A2E2-471A-BDA5-136A34469EF1}.GN|x86.ActiveCfg = Debug|Win32
		{26BA5D7A-A2E2-471A-BDA5-136A34469EF1}.GN|x86.Build.0 = Debug|Win32
		{26BA5D7A-A2E2-471A-BDA5-136A34469EF1}.Release|Any CPU.ActiveCfg = Release|x64
		{26BA5D7A-A2E2-471A-BDA5-136A34469EF1}.Release|Any CPU.Build.0 = Release|x64
		{26BA5D7A-A2E2-471A-BDA5-136A34469EF1}.Release|x64.ActiveCfg = Release|x64
		{26BA5D7A-A2E2-471A-BDA5-136A34469EF1}.Release|x64.Build.0 = Release|x64
		{26BA5D7A-A2E2-471A-BDA5-136A34469EF1}.Release|x86.ActiveCfg = Release|Win32
		{26BA5D7A-A2E2-471A-BDA5-136A34469EF1}.Release|x86.Build.0 = Release|Win32
		{E4A6078A-5621-4D7A-A275-FBA78DA95093}.Debug|Any CPU.ActiveCfg = Debug|x64
		{E4A6078A-5621-4D7A-A275-FBA78DA95093}.Debug|Any CPU.Build.0 = Debug|x64
		{E4A6078A-5621-4D7A-A275-FBA78DA95093}.Debug|x64.ActiveCfg = Debug|x64
		{E4A6078A-5621-4D7A-A275-FBA78DA95093}.Debug|x64.Build.0 = Debug|x64
		{E4A6078A-5621-4D7A-A275-FBA78DA95093}.Debug|x86.ActiveCfg = Debug|Win32
		{E4A6078A-5621-4D7A-A275-FBA78DA95093}.Debug|x86.Build.0 = Debug|Win32
		{E4A6078A-5621-4D7A-A275-FBA78DA95093}.GN|Any CPU.ActiveCfg = Debug|x64
		{E4A6078A-5621-4D7A-A275-FBA78DA95093}.GN|Any CPU.Build.0 = Debug|x64
		{E4A6078A-5621-4D7A-A275-FBA78DA95093}.GN|x64.ActiveCfg = Debug|x64
		{E4A6078A-5621-4D7A-A275-FBA78DA95093}.GN|x64.Build.0 = Debug|x64
		{E4A6078A-5621-4D7A-A275-FBA78DA95093}.GN|x86.ActiveCfg = Debug|Win32
		{E4A6078A-5621-4D7A-A275-FBA78DA95093}.GN|x86.Build.0 = Debug|Win32
		{E4A6078A-5621-4D7A-A275-FBA78DA95093}.Release|Any CPU.ActiveCfg = Release|x64
		{E4A6078A-5621-4D7A-A275-FBA78DA95093}.Release|Any CPU.Build.0 = Release|x64
		{E4A6078A-5621-4D7A-A275-FBA78DA95093}.Release|x64.ActiveCfg = Release|x64
		{E4A6078A-5621-4D7A-A275-FBA78DA95093}.Release|x64.Build.0 = Release|x64
		{E4A6078A-5621-4D7A-A275-FBA78DA95093}.Release|x86.ActiveCfg = Release|Win32
		{E4A6078A-5621-4D7A-A275-FBA78DA95093}.Release|x86.Build.0 = Release|Win32
		{883FB30E-E7BD-4B42-8D12-EF1ECF70085D}.Debug|Any CPU.ActiveCfg = Debug|x64
		{883FB30E-E7BD-4B42-8D12-EF1ECF70085D}.Debug|Any CPU.Build.0 = Debug|x64
		{883FB30E-E7BD-4B42-8D12-EF1ECF70085D}.Debug|x64.ActiveCfg = Debug|x64
		{883FB30E-E7BD-4B42-8D12-EF1ECF70085D}.Debug|x64.Build.0 = Debug|x64
		{883FB30E-E7BD-4B42-8D12-EF1ECF70085D}.Debug|x86.ActiveCfg = Debug|Win32
		{883FB30E-E7BD-4B42-8D12-EF1ECF70085D}.Debug|x86.Build.0 = Debug|Win32
		{883FB30E-E7BD-4B42-8D12-EF1ECF70085D}.GN|Any CPU.ActiveCfg = Debug|x64
		{883FB30E-E7BD-4B42-8D12-EF1ECF70085D}.GN|Any CPU.Build.0 = Debug|x64
		{883FB30E-E7BD-4B42-8D12-EF1ECF70085D}.GN|x64.ActiveCfg = Debug|x64
		{883FB30E-E7BD-4B42-8D12-EF1ECF70085D}.GN|x64.Build.0 = Debug|x64
		{883FB30E-E7BD-4B42-8D12-EF1ECF70085D}.GN|x86.ActiveCfg = Debug|Win32
		{883FB30E-E7BD-4B42-8D12-EF1ECF70085D}.GN|x86.Build.0 = Debug|Win32
		{883FB30E-E7BD-4B42-8D12-EF1ECF70085D}.Release|Any CPU.ActiveCfg = Release|x64
		{883FB30E-E7BD-4B42-8D12-EF1ECF70085D}.Release|Any CPU.Build.0 = Release|x64
		{883FB30E-E7BD-4B42-8D12-EF1ECF70085D}.Release|x64.ActiveCfg = Release|x64
		{883FB30E-E7BD-4B42-8D12-EF1ECF70085D}.Release|x64.Build.0 = Release|x64
		{883FB30E-E7BD-4B42-8D12-EF1ECF70085D}.Release|x86.ActiveCfg = Release|Win32
		{883FB30E-E7BD-4B42-8D12-EF1ECF70085D}.Release|x86.Build.0 = Release|Win32
		{F97426FE-668F-4CE5-A318-600F2C333DBF}.Debug|Any CPU.ActiveCfg = Debug|x64
		{F97426FE-668F-4CE5-A318-600F2C333DBF}.Debug|Any CPU.Build.0 = Debug|x64
		{F97426FE-668F-4CE5-A318-600F2C333DBF}.Debug|x64.ActiveCfg = Debug|x64
		{F97426FE-668F-4CE5-A318-600F2C333DBF}.Debug|x64.Build.0 = Debug|x64
		{F97426FE-668F-4CE5-A318-600F2C333DBF}.Debug|x86.ActiveCfg = Debug|Win32
		{F97426FE-668F-4CE5-A318-600F2C333DBF}.Debug|x86.Build.0 = Debug|Win32
		{F97426FE-668F-4CE5-A318-600F2C333DBF}.GN|Any CPU.ActiveCfg = Debug|x64
		{F97426FE-668F-4CE5-A318-600F2C333DBF}.GN|Any CPU.Build.0 = Debug|x64
		{F97426FE-668F-4CE5-A318-600F2C333DBF}.GN|x64.ActiveCfg = Debug|x64
		{F97426FE-668F-4CE5-A318-600F2C333DBF}.GN|x64.Build.0 = Debug|x64
		{F97426FE-668F-4CE5-A318-600F2C333DBF}.GN|x86.ActiveCfg = Debug|Win32
		{F97426FE-668F-4CE5-A318-600F2C333DBF}.GN|x86.Build.0 = Debug|Win32
		{F97426FE-668F-4CE5-A318-600F2C333DBF}.Release|Any CPU.ActiveCfg = Release|x64
		{F97426FE-668F-4CE5-A318-600F2C333DBF}.Release|Any CPU.Build.0 = Release|x64
		{F97426FE-668F-4CE5-A318-600F2C333DBF}.Release|x64.ActiveCfg = Release|x64
		{F97426FE-668F-4CE5-A318-600F2C333DBF}.Release|x64.Build.0 = Release|x64
		{F97426FE-668F-4CE5-A318-600F2C333DBF}.Release|x86.ActiveCfg = Release|Win32
		{F97426FE-668F-4CE5-A318-600F2C333DBF}.Release|x86.Build.0 = Release|Win32
		{E96DC23C-303A-4D39-8873-FA7431F5F334}.Debug|Any CPU.ActiveCfg = Debug|Any CPU
		{E96DC23C-303A-4D39-8873-FA7431F5F334}.Debug|Any CPU.Build.0 = Debug|Any CPU
		{E96DC23C-303A-4D39-8873-FA7431F5F334}.Debug|x64.ActiveCfg = Debug|Any CPU
		{E96DC23C-303A-4D39-8873-FA7431F5F334}.Debug|x64.Build.0 = Debug|Any CPU
		{E96DC23C-303A-4D39-8873-FA7431F5F334}.Debug|x86.ActiveCfg = Debug|Any CPU
		{E96DC23C-303A-4D39-8873-FA7431F5F334}.Debug|x86.Build.0 = Debug|Any CPU
		{E96DC23C-303A-4D39-8873-FA7431F5F334}.GN|Any CPU.ActiveCfg = Debug|Any CPU
		{E96DC23C-303A-4D39-8873-FA7431F5F334}.GN|Any CPU.Build.0 = Debug|Any CPU
		{E96DC23C-303A-4D39-8873-FA7431F5F334}.GN|x64.ActiveCfg = Debug|Any CPU
		{E96DC23C-303A-4D39-8873-FA7431F5F334}.GN|x64.Build.0 = Debug|Any CPU
		{E96DC23C-303A-4D39-8873-FA7431F5F334}.GN|x86.ActiveCfg = Debug|Any CPU
		{E96DC23C-303A-4D39-8873-FA7431F5F334}.GN|x86.Build.0 = Debug|Any CPU
		{E96DC23C-303A-4D39-8873-FA7431F5F334}.Release|Any CPU.ActiveCfg = Release|Any CPU
		{E96DC23C-303A-4D39-8873-FA7431F5F334}.Release|Any CPU.Build.0 = Release|Any CPU
		{E96DC23C-303A-4D39-8873-FA7431F5F334}.Release|x64.ActiveCfg = Release|Any CPU
		{E96DC23C-303A-4D39-8873-FA7431F5F334}.Release|x64.Build.0 = Release|Any CPU
		{E96DC23C-303A-4D39-8873-FA7431F5F334}.Release|x86.ActiveCfg = Release|Any CPU
		{E96DC23C-303A-4D39-8873-FA7431F5F334}.Release|x86.Build.0 = Release|Any CPU
	EndGlobalSection
	GlobalSection(SolutionProperties) = preSolution
		HideSolutionNode = FALSE
	EndGlobalSection
	GlobalSection(NestedProjects) = preSolution
		{A0010E8F-5AA4-47B9-BC10-1562AB9DB935} = {F28E772A-7D55-4B78-894A-C39DF7E36965}
		{1FF1F8EB-AC6D-40E4-A1B4-ED62D007CC1D} = {F28E772A-7D55-4B78-894A-C39DF7E36965}
		{7D1DD7D9-D4DD-44BD-81A8-E3DF996EA02E} = {72D49DBE-802A-40C4-986B-0EA69E6C81A7}
		{DCBD93D8-37CE-48A1-BCAB-A0026ED8CC98} = {1FF1F8EB-AC6D-40E4-A1B4-ED62D007CC1D}
		{E65E4ABA-F7FB-4B46-8E5E-15F9D2372973} = {CCF49FD6-428E-47A2-B444-A45D79B0753A}
		{DB7F3307-F75F-418E-B2E4-3C16D7BA52EE} = {CCF49FD6-428E-47A2-B444-A45D79B0753A}
		{8FB77B2C-CE9C-4FA4-9B34-9B0A1A1CE13A} = {CCF49FD6-428E-47A2-B444-A45D79B0753A}
		{34E37855-29F5-43C9-A49E-552E5F3D8215} = {CCF49FD6-428E-47A2-B444-A45D79B0753A}
		{12CBA47A-A026-4668-B97F-65D7118B8807} = {CCF49FD6-428E-47A2-B444-A45D79B0753A}
		{CF5D5EAE-EFC2-4F15-9EEA-E35315F1C717} = {CCF49FD6-428E-47A2-B444-A45D79B0753A}
		{A8A7A5EE-A1AE-4A8A-9FF4-999063E3BFC0} = {A0010E8F-5AA4-47B9-BC10-1562AB9DB935}
		{2E9963AC-12F9-4E09-82B6-AFDA5DA98E1B} = {A0010E8F-5AA4-47B9-BC10-1562AB9DB935}
		{3A885850-52FD-42A5-8B92-F4059120A99F} = {A0010E8F-5AA4-47B9-BC10-1562AB9DB935}
		{00931861-5D56-452A-B121-D0A8A4393AA1} = {A0010E8F-5AA4-47B9-BC10-1562AB9DB935}
		{1A1255AB-2B46-42F5-8FC5-377334A7E175} = {A0010E8F-5AA4-47B9-BC10-1562AB9DB935}
		{CD65D492-6FA4-459B-8091-1AA5AA85F2FE} = {A0010E8F-5AA4-47B9-BC10-1562AB9DB935}
		{CCF49FD6-428E-47A2-B444-A45D79B0753A} = {F28E772A-7D55-4B78-894A-C39DF7E36965}
		{72D49DBE-802A-40C4-986B-0EA69E6C81A7} = {F28E772A-7D55-4B78-894A-C39DF7E36965}
		{3AC7B746-F6D4-4F9A-ABEC-5EF6211EA566} = {72D49DBE-802A-40C4-986B-0EA69E6C81A7}
		{203DBA4B-2445-4165-A4F6-435735982F95} = {1FF1F8EB-AC6D-40E4-A1B4-ED62D007CC1D}
		{051D5B0D-8A86-45F0-88AD-BAC938482391} = {F28E772A-7D55-4B78-894A-C39DF7E36965}
		{26BA5D7A-A2E2-471A-BDA5-136A34469EF1} = {A0010E8F-5AA4-47B9-BC10-1562AB9DB935}
		{E4A6078A-5621-4D7A-A275-FBA78DA95093} = {051D5B0D-8A86-45F0-88AD-BAC938482391}
		{883FB30E-E7BD-4B42-8D12-EF1ECF70085D} = {051D5B0D-8A86-45F0-88AD-BAC938482391}
		{203539CC-7886-42A3-AA7A-BBC117C3A492} = {F28E772A-7D55-4B78-894A-C39DF7E36965}
		{F97426FE-668F-4CE5-A318-600F2C333DBF} = {203539CC-7886-42A3-AA7A-BBC117C3A492}
		{7B009A57-8DBF-4521-A2D0-5553601682A8} = {F28E772A-7D55-4B78-894A-C39DF7E36965}
		{E96DC23C-303A-4D39-8873-FA7431F5F334} = {7B009A57-8DBF-4521-A2D0-5553601682A8}
	EndGlobalSection
	GlobalSection(ExtensibilityGlobals) = postSolution
		SolutionGuid = {B5CA0C90-8B4B-4094-B1CD-EF1B1EB3A3FA}
	EndGlobalSection
EndGlobal
