
Microsoft Visual Studio Solution File, Format Version 12.00
# Visual Studio Version 17
VisualStudioVersion = 17.7.34221.43
MinimumVisualStudioVersion = 10.0.40219.1
Project("{8BC9CEB8-8B4A-11D0-8D11-00A0C91BC942}") = "BrowserApp", "BrowserApp.vcxproj", "{E4A6078A-5621-4D7A-A275-FBA78DA95093}"
EndProject
Project("{8BC9CEB8-8B4A-11D0-8D11-00A0C91BC942}") = "ATLApp", "..\..\ATL\ATLApp\ATLApp.vcxproj", "{F97426FE-668F-4CE5-A318-600F2C333DBF}"
EndProject
Project("{8BC9CEB8-8B4A-11D0-8D11-00A0C91BC942}") = "UniversePro", "..\..\..\WebRuntime\UniversePro\UniversePro.vcxproj", "{1FE0A9AB-CE78-4109-94FC-25806D373846}"
EndProject
Project("{8BC9CEB8-8B4A-11D0-8D11-00A0C91BC942}") = "Cosmos", "..\..\..\WebRuntime\CosmosPro\CosmosPro.vcxproj", "{7B3BE494-B1AE-4341-9D85-2B2399AB3103}"
EndProject
Project("{8BC9CEB8-8B4A-11D0-8D11-00A0C91BC942}") = "MFCSDIApp", "..\..\MFC\MFCSDIApp\MFCSDIApp.vcxproj", "{1A1255AB-2B46-42F5-8FC5-377334A7E175}"
EndProject
Project("{8BC9CEB8-8B4A-11D0-8D11-00A0C91BC942}") = "WindowsProject1", "..\WindowsProject1\WindowsProject1.vcxproj", "{8BFA6C7A-E9BC-4A27-80C6-855B56CCC5A1}"
EndProject
Project("{8BC9CEB8-8B4A-11D0-8D11-00A0C91BC942}") = "ColorWindow", "..\ColorWindow\ColorWindow.vcxproj", "{883FB30E-E7BD-4B42-8D12-EF1ECF70085D}"
EndProject
Project("{FAE04EC0-301F-11D3-BF4B-00C04F79EFBC}") = "Tangram", "..\..\Dotnet\Tangram\Tangram.csproj", "{DCBD93D8-37CE-48A1-BCAB-A0026ED8CC98}"
EndProject
Project("{9A19103F-16F7-4668-BE54-9A1E7A4F7556}") = "WinFormsApp1", "..\..\WinFormsApp1\WinFormsApp1\WinFormsApp1.csproj", "{FF67BBFE-8ED1-461C-B2A1-6CC19CB32555}"
EndProject
Project("{8BC9CEB8-8B4A-11D0-8D11-00A0C91BC942}") = "WebRTHelper", "..\..\..\WebRuntime\WinAppProxy\WinAppProxy.vcxproj", "{D7FE69B5-6430-4EB2-9034-5880CF60214C}"
EndProject
Project("{8BC9CEB8-8B4A-11D0-8D11-00A0C91BC942}") = "MFCAppProxy", "..\..\..\WebRuntime\MFCAppProxyEx\MFCAppProxyEx.vcxproj", "{EA18B233-5282-4B56-9ECB-6623E93A786C}"
EndProject
Project("{8BC9CEB8-8B4A-11D0-8D11-00A0C91BC942}") = "MFCMDIExApp", "..\..\MFC\MFCMDIExApp\MFCMDIExApp.vcxproj", "{00931861-5D56-452A-B121-D0A8A4393AA1}"
EndProject
Project("{8BC9CEB8-8B4A-11D0-8D11-00A0C91BC942}") = "MFCDlgApp", "..\..\MFC\MFCDlgApp\MFCDlgApp.vcxproj", "{A8A7A5EE-A1AE-4A8A-9FF4-999063E3BFC0}"
EndProject
Project("{2150E333-8FDC-42A3-9474-1A3956D46DE8}") = "NativeMFCApp", "NativeMFCApp", "{499157E1-0C72-4F16-B351-B1B1D398008A}"
EndProject
Project("{8BC9CEB8-8B4A-11D0-8D11-00A0C91BC942}") = "NativeMFCSDI", "..\..\NativeMFCApp\NativeMFCSDI\NativeMFCSDI.vcxproj", "{F76F1E80-99DD-4F38-9B51-ED1CB08DE596}"
EndProject
Project("{8BC9CEB8-8B4A-11D0-8D11-00A0C91BC942}") = "NativeMFCSDIEx", "..\..\NativeMFCApp\NativeMFCSDIEx\NativeMFCSDIEx.vcxproj", "{2614DCC8-8AAD-4660-9D3D-9E15757E3310}"
EndProject
Project("{8BC9CEB8-8B4A-11D0-8D11-00A0C91BC942}") = "NativeMFCMDT", "..\..\NativeMFCApp\NativeMFCMDT\NativeMFCMDT.vcxproj", "{F9CAF647-4E4F-42AD-BF95-DC8730E3FC7C}"
EndProject
Project("{8BC9CEB8-8B4A-11D0-8D11-00A0C91BC942}") = "NativeMFCMDTEx", "..\..\NativeMFCApp\NativeMFCMDTEx\NativeMFCMDTEx.vcxproj", "{A6BA4703-2BCA-4A26-B206-598208768D77}"
EndProject
Project("{8BC9CEB8-8B4A-11D0-8D11-00A0C91BC942}") = "NativeMFCMDI", "..\..\NativeMFCApp\NativeMFCMDI\NativeMFCMDI.vcxproj", "{4968AD6F-271C-4467-AA4F-E50A8222A9AE}"
EndProject
Project("{8BC9CEB8-8B4A-11D0-8D11-00A0C91BC942}") = "NativeMFCMDIEx", "..\..\NativeMFCApp\NativeMFCMDIEx\NativeMFCMDIEx.vcxproj", "{90803A8E-7D84-4797-B9EA-F3C7EE672FC9}"
EndProject
Project("{8BC9CEB8-8B4A-11D0-8D11-00A0C91BC942}") = "NativeMFCDlg", "..\..\NativeMFCApp\NativeMFCDlg\NativeMFCDlg.vcxproj", "{E28A2013-ADC8-4FFF-8F46-554E7CD83AF3}"
EndProject
Project("{8BC9CEB8-8B4A-11D0-8D11-00A0C91BC942}") = "NativeMFCSDI2", "..\..\NativeMFCApp\NativeMFCSDI2\NativeMFCSDI2.vcxproj", "{B1078544-D8B3-4E7F-8941-B541461CC123}"
EndProject
Project("{8BC9CEB8-8B4A-11D0-8D11-00A0C91BC942}") = "MFCTab", "..\..\..\WebRuntime\MfcTabCtrl\mfctab.vcxproj", "{BE4B848B-A71C-4326-8684-F7A62F77247D}"
EndProject
Project("{2150E333-8FDC-42A3-9474-1A3956D46DE8}") = "DotNetCoreApp", "DotNetCoreApp", "{157CA2CF-3E82-4CB8-B2F7-F80083D2D790}"
EndProject
Project("{9A19103F-16F7-4668-BE54-9A1E7A4F7556}") = "WinFormsApp", "..\..\DotNetCoreApp\WinFormsApp\WinFormsApp.csproj", "{FCAFF31B-BBE8-4B02-B03A-C219F0702DC0}"
EndProject
Project("{9A19103F-16F7-4668-BE54-9A1E7A4F7556}") = "WinFormsMDIApp", "..\..\DotNetCoreApp\WinFormsMDIApp\WinFormsMDIApp.csproj", "{C843A288-8EFE-46F9-B130-7FF6239525A8}"
EndProject
Project("{8BC9CEB8-8B4A-11D0-8D11-00A0C91BC942}") = "TabClientAreaProxy", "..\..\..\WebRuntime\TabbedClientAreaProxy\TabbedClientAreaProxy.vcxproj", "{41656093-EF78-4804-9EAA-DE2DAC8C91FD}"
EndProject
Project("{8BC9CEB8-8B4A-11D0-8D11-00A0C91BC942}") = "WebRTService", "..\WebRTService\WebRTService.vcxproj", "{2E732D7A-7625-4E37-B38F-19C7CE94202A}"
EndProject
Project("{8BC9CEB8-8B4A-11D0-8D11-00A0C91BC942}") = "WebRTServicePS", "WebRTServicePS\WebRTServicePS.vcxproj", "{4BECE155-C782-4905-95EA-BF87BFAA6AF2}"
	ProjectSection(ProjectDependencies) = postProject
		{2E732D7A-7625-4E37-B38F-19C7CE94202A} = {2E732D7A-7625-4E37-B38F-19C7CE94202A}
	EndProjectSection
EndProject
Project("{8BC9CEB8-8B4A-11D0-8D11-00A0C91BC942}") = "MFCMDTExApp", "..\..\MFC\MFCMDTExApp\MFCMDTExApp.vcxproj", "{26BA5D7A-A2E2-471A-BDA5-136A34469EF1}"
EndProject
Project("{8BC9CEB8-8B4A-11D0-8D11-00A0C91BC942}") = "UniverseAdv", "..\..\..\WebRuntime\UniverseAdvanced\UniverseAdv.vcxproj", "{7C0C168E-A6AC-4751-B8C4-298C53A42D30}"
EndProject
Global
	GlobalSection(SolutionConfigurationPlatforms) = preSolution
		Debug|Any CPU = Debug|Any CPU
		Debug|x64 = Debug|x64
		Debug|x86 = Debug|x86
		Release|Any CPU = Release|Any CPU
		Release|x64 = Release|x64
		Release|x86 = Release|x86
	EndGlobalSection
	GlobalSection(ProjectConfigurationPlatforms) = postSolution
		{E4A6078A-5621-4D7A-A275-FBA78DA95093}.Debug|Any CPU.ActiveCfg = Debug|x64
		{E4A6078A-5621-4D7A-A275-FBA78DA95093}.Debug|Any CPU.Build.0 = Debug|x64
		{E4A6078A-5621-4D7A-A275-FBA78DA95093}.Debug|x64.ActiveCfg = Debug|x64
		{E4A6078A-5621-4D7A-A275-FBA78DA95093}.Debug|x64.Build.0 = Debug|x64
		{E4A6078A-5621-4D7A-A275-FBA78DA95093}.Debug|x86.ActiveCfg = Debug|Win32
		{E4A6078A-5621-4D7A-A275-FBA78DA95093}.Debug|x86.Build.0 = Debug|Win32
		{E4A6078A-5621-4D7A-A275-FBA78DA95093}.Release|Any CPU.ActiveCfg = Release|x64
		{E4A6078A-5621-4D7A-A275-FBA78DA95093}.Release|Any CPU.Build.0 = Release|x64
		{E4A6078A-5621-4D7A-A275-FBA78DA95093}.Release|x64.ActiveCfg = Release|x64
		{E4A6078A-5621-4D7A-A275-FBA78DA95093}.Release|x64.Build.0 = Release|x64
		{E4A6078A-5621-4D7A-A275-FBA78DA95093}.Release|x86.ActiveCfg = Release|Win32
		{E4A6078A-5621-4D7A-A275-FBA78DA95093}.Release|x86.Build.0 = Release|Win32
		{F97426FE-668F-4CE5-A318-600F2C333DBF}.Debug|Any CPU.ActiveCfg = Debug|x64
		{F97426FE-668F-4CE5-A318-600F2C333DBF}.Debug|Any CPU.Build.0 = Debug|x64
		{F97426FE-668F-4CE5-A318-600F2C333DBF}.Debug|x64.ActiveCfg = Debug|x64
		{F97426FE-668F-4CE5-A318-600F2C333DBF}.Debug|x64.Build.0 = Debug|x64
		{F97426FE-668F-4CE5-A318-600F2C333DBF}.Debug|x86.ActiveCfg = Debug|Win32
		{F97426FE-668F-4CE5-A318-600F2C333DBF}.Debug|x86.Build.0 = Debug|Win32
		{F97426FE-668F-4CE5-A318-600F2C333DBF}.Release|Any CPU.ActiveCfg = Release|x64
		{F97426FE-668F-4CE5-A318-600F2C333DBF}.Release|Any CPU.Build.0 = Release|x64
		{F97426FE-668F-4CE5-A318-600F2C333DBF}.Release|x64.ActiveCfg = Release|x64
		{F97426FE-668F-4CE5-A318-600F2C333DBF}.Release|x64.Build.0 = Release|x64
		{F97426FE-668F-4CE5-A318-600F2C333DBF}.Release|x86.ActiveCfg = Release|Win32
		{F97426FE-668F-4CE5-A318-600F2C333DBF}.Release|x86.Build.0 = Release|Win32
		{1FE0A9AB-CE78-4109-94FC-25806D373846}.Debug|Any CPU.ActiveCfg = Debug|x64
		{1FE0A9AB-CE78-4109-94FC-25806D373846}.Debug|Any CPU.Build.0 = Debug|x64
		{1FE0A9AB-CE78-4109-94FC-25806D373846}.Debug|x64.ActiveCfg = Debug|x64
		{1FE0A9AB-CE78-4109-94FC-25806D373846}.Debug|x64.Build.0 = Debug|x64
		{1FE0A9AB-CE78-4109-94FC-25806D373846}.Debug|x86.ActiveCfg = Debug|Win32
		{1FE0A9AB-CE78-4109-94FC-25806D373846}.Debug|x86.Build.0 = Debug|Win32
		{1FE0A9AB-CE78-4109-94FC-25806D373846}.Release|Any CPU.ActiveCfg = Release|x64
		{1FE0A9AB-CE78-4109-94FC-25806D373846}.Release|Any CPU.Build.0 = Release|x64
		{1FE0A9AB-CE78-4109-94FC-25806D373846}.Release|x64.ActiveCfg = Release|x64
		{1FE0A9AB-CE78-4109-94FC-25806D373846}.Release|x64.Build.0 = Release|x64
		{1FE0A9AB-CE78-4109-94FC-25806D373846}.Release|x86.ActiveCfg = Release|Win32
		{1FE0A9AB-CE78-4109-94FC-25806D373846}.Release|x86.Build.0 = Release|Win32
		{7B3BE494-B1AE-4341-9D85-2B2399AB3103}.Debug|Any CPU.ActiveCfg = Debug|x64
		{7B3BE494-B1AE-4341-9D85-2B2399AB3103}.Debug|Any CPU.Build.0 = Debug|x64
		{7B3BE494-B1AE-4341-9D85-2B2399AB3103}.Debug|x64.ActiveCfg = Debug|x64
		{7B3BE494-B1AE-4341-9D85-2B2399AB3103}.Debug|x64.Build.0 = Debug|x64
		{7B3BE494-B1AE-4341-9D85-2B2399AB3103}.Debug|x86.ActiveCfg = Debug|Win32
		{7B3BE494-B1AE-4341-9D85-2B2399AB3103}.Debug|x86.Build.0 = Debug|Win32
		{7B3BE494-B1AE-4341-9D85-2B2399AB3103}.Release|Any CPU.ActiveCfg = Release|x64
		{7B3BE494-B1AE-4341-9D85-2B2399AB3103}.Release|Any CPU.Build.0 = Release|x64
		{7B3BE494-B1AE-4341-9D85-2B2399AB3103}.Release|x64.ActiveCfg = Release|x64
		{7B3BE494-B1AE-4341-9D85-2B2399AB3103}.Release|x64.Build.0 = Release|x64
		{7B3BE494-B1AE-4341-9D85-2B2399AB3103}.Release|x86.ActiveCfg = Release|Win32
		{7B3BE494-B1AE-4341-9D85-2B2399AB3103}.Release|x86.Build.0 = Release|Win32
		{1A1255AB-2B46-42F5-8FC5-377334A7E175}.Debug|Any CPU.ActiveCfg = Debug|x64
		{1A1255AB-2B46-42F5-8FC5-377334A7E175}.Debug|Any CPU.Build.0 = Debug|x64
		{1A1255AB-2B46-42F5-8FC5-377334A7E175}.Debug|x64.ActiveCfg = Debug|x64
		{1A1255AB-2B46-42F5-8FC5-377334A7E175}.Debug|x64.Build.0 = Debug|x64
		{1A1255AB-2B46-42F5-8FC5-377334A7E175}.Debug|x86.ActiveCfg = Debug|Win32
		{1A1255AB-2B46-42F5-8FC5-377334A7E175}.Debug|x86.Build.0 = Debug|Win32
		{1A1255AB-2B46-42F5-8FC5-377334A7E175}.Release|Any CPU.ActiveCfg = Release|x64
		{1A1255AB-2B46-42F5-8FC5-377334A7E175}.Release|Any CPU.Build.0 = Release|x64
		{1A1255AB-2B46-42F5-8FC5-377334A7E175}.Release|x64.ActiveCfg = Release|x64
		{1A1255AB-2B46-42F5-8FC5-377334A7E175}.Release|x64.Build.0 = Release|x64
		{1A1255AB-2B46-42F5-8FC5-377334A7E175}.Release|x86.ActiveCfg = Release|Win32
		{1A1255AB-2B46-42F5-8FC5-377334A7E175}.Release|x86.Build.0 = Release|Win32
		{8BFA6C7A-E9BC-4A27-80C6-855B56CCC5A1}.Debug|Any CPU.ActiveCfg = Debug|x64
		{8BFA6C7A-E9BC-4A27-80C6-855B56CCC5A1}.Debug|Any CPU.Build.0 = Debug|x64
		{8BFA6C7A-E9BC-4A27-80C6-855B56CCC5A1}.Debug|x64.ActiveCfg = Debug|x64
		{8BFA6C7A-E9BC-4A27-80C6-855B56CCC5A1}.Debug|x64.Build.0 = Debug|x64
		{8BFA6C7A-E9BC-4A27-80C6-855B56CCC5A1}.Debug|x86.ActiveCfg = Debug|Win32
		{8BFA6C7A-E9BC-4A27-80C6-855B56CCC5A1}.Debug|x86.Build.0 = Debug|Win32
		{8BFA6C7A-E9BC-4A27-80C6-855B56CCC5A1}.Release|Any CPU.ActiveCfg = Release|x64
		{8BFA6C7A-E9BC-4A27-80C6-855B56CCC5A1}.Release|Any CPU.Build.0 = Release|x64
		{8BFA6C7A-E9BC-4A27-80C6-855B56CCC5A1}.Release|x64.ActiveCfg = Release|x64
		{8BFA6C7A-E9BC-4A27-80C6-855B56CCC5A1}.Release|x64.Build.0 = Release|x64
		{8BFA6C7A-E9BC-4A27-80C6-855B56CCC5A1}.Release|x86.ActiveCfg = Release|Win32
		{8BFA6C7A-E9BC-4A27-80C6-855B56CCC5A1}.Release|x86.Build.0 = Release|Win32
		{883FB30E-E7BD-4B42-8D12-EF1ECF70085D}.Debug|Any CPU.ActiveCfg = Debug|x64
		{883FB30E-E7BD-4B42-8D12-EF1ECF70085D}.Debug|Any CPU.Build.0 = Debug|x64
		{883FB30E-E7BD-4B42-8D12-EF1ECF70085D}.Debug|x64.ActiveCfg = Debug|x64
		{883FB30E-E7BD-4B42-8D12-EF1ECF70085D}.Debug|x64.Build.0 = Debug|x64
		{883FB30E-E7BD-4B42-8D12-EF1ECF70085D}.Debug|x86.ActiveCfg = Debug|Win32
		{883FB30E-E7BD-4B42-8D12-EF1ECF70085D}.Debug|x86.Build.0 = Debug|Win32
		{883FB30E-E7BD-4B42-8D12-EF1ECF70085D}.Release|Any CPU.ActiveCfg = Release|x64
		{883FB30E-E7BD-4B42-8D12-EF1ECF70085D}.Release|Any CPU.Build.0 = Release|x64
		{883FB30E-E7BD-4B42-8D12-EF1ECF70085D}.Release|x64.ActiveCfg = Release|x64
		{883FB30E-E7BD-4B42-8D12-EF1ECF70085D}.Release|x64.Build.0 = Release|x64
		{883FB30E-E7BD-4B42-8D12-EF1ECF70085D}.Release|x86.ActiveCfg = Release|Win32
		{883FB30E-E7BD-4B42-8D12-EF1ECF70085D}.Release|x86.Build.0 = Release|Win32
		{DCBD93D8-37CE-48A1-BCAB-A0026ED8CC98}.Debug|Any CPU.ActiveCfg = Debug|Any CPU
		{DCBD93D8-37CE-48A1-BCAB-A0026ED8CC98}.Debug|Any CPU.Build.0 = Debug|Any CPU
		{DCBD93D8-37CE-48A1-BCAB-A0026ED8CC98}.Debug|x64.ActiveCfg = Debug|Any CPU
		{DCBD93D8-37CE-48A1-BCAB-A0026ED8CC98}.Debug|x64.Build.0 = Debug|Any CPU
		{DCBD93D8-37CE-48A1-BCAB-A0026ED8CC98}.Debug|x86.ActiveCfg = Debug|Any CPU
		{DCBD93D8-37CE-48A1-BCAB-A0026ED8CC98}.Debug|x86.Build.0 = Debug|Any CPU
		{DCBD93D8-37CE-48A1-BCAB-A0026ED8CC98}.Release|Any CPU.ActiveCfg = Release|Any CPU
		{DCBD93D8-37CE-48A1-BCAB-A0026ED8CC98}.Release|Any CPU.Build.0 = Release|Any CPU
		{DCBD93D8-37CE-48A1-BCAB-A0026ED8CC98}.Release|x64.ActiveCfg = Release|Any CPU
		{DCBD93D8-37CE-48A1-BCAB-A0026ED8CC98}.Release|x64.Build.0 = Release|Any CPU
		{DCBD93D8-37CE-48A1-BCAB-A0026ED8CC98}.Release|x86.ActiveCfg = Release|Any CPU
		{DCBD93D8-37CE-48A1-BCAB-A0026ED8CC98}.Release|x86.Build.0 = Release|Any CPU
		{FF67BBFE-8ED1-461C-B2A1-6CC19CB32555}.Debug|Any CPU.ActiveCfg = Debug|Any CPU
		{FF67BBFE-8ED1-461C-B2A1-6CC19CB32555}.Debug|Any CPU.Build.0 = Debug|Any CPU
		{FF67BBFE-8ED1-461C-B2A1-6CC19CB32555}.Debug|x64.ActiveCfg = Debug|Any CPU
		{FF67BBFE-8ED1-461C-B2A1-6CC19CB32555}.Debug|x64.Build.0 = Debug|Any CPU
		{FF67BBFE-8ED1-461C-B2A1-6CC19CB32555}.Debug|x86.ActiveCfg = Debug|Any CPU
		{FF67BBFE-8ED1-461C-B2A1-6CC19CB32555}.Debug|x86.Build.0 = Debug|Any CPU
		{FF67BBFE-8ED1-461C-B2A1-6CC19CB32555}.Release|Any CPU.ActiveCfg = Release|Any CPU
		{FF67BBFE-8ED1-461C-B2A1-6CC19CB32555}.Release|Any CPU.Build.0 = Release|Any CPU
		{FF67BBFE-8ED1-461C-B2A1-6CC19CB32555}.Release|x64.ActiveCfg = Release|Any CPU
		{FF67BBFE-8ED1-461C-B2A1-6CC19CB32555}.Release|x64.Build.0 = Release|Any CPU
		{FF67BBFE-8ED1-461C-B2A1-6CC19CB32555}.Release|x86.ActiveCfg = Release|Any CPU
		{FF67BBFE-8ED1-461C-B2A1-6CC19CB32555}.Release|x86.Build.0 = Release|Any CPU
		{D7FE69B5-6430-4EB2-9034-5880CF60214C}.Debug|Any CPU.ActiveCfg = Debug|x64
		{D7FE69B5-6430-4EB2-9034-5880CF60214C}.Debug|Any CPU.Build.0 = Debug|x64
		{D7FE69B5-6430-4EB2-9034-5880CF60214C}.Debug|x64.ActiveCfg = Debug|x64
		{D7FE69B5-6430-4EB2-9034-5880CF60214C}.Debug|x64.Build.0 = Debug|x64
		{D7FE69B5-6430-4EB2-9034-5880CF60214C}.Debug|x86.ActiveCfg = Debug|Win32
		{D7FE69B5-6430-4EB2-9034-5880CF60214C}.Debug|x86.Build.0 = Debug|Win32
		{D7FE69B5-6430-4EB2-9034-5880CF60214C}.Release|Any CPU.ActiveCfg = Release|x64
		{D7FE69B5-6430-4EB2-9034-5880CF60214C}.Release|Any CPU.Build.0 = Release|x64
		{D7FE69B5-6430-4EB2-9034-5880CF60214C}.Release|x64.ActiveCfg = Release|x64
		{D7FE69B5-6430-4EB2-9034-5880CF60214C}.Release|x64.Build.0 = Release|x64
		{D7FE69B5-6430-4EB2-9034-5880CF60214C}.Release|x86.ActiveCfg = Release|Win32
		{D7FE69B5-6430-4EB2-9034-5880CF60214C}.Release|x86.Build.0 = Release|Win32
		{EA18B233-5282-4B56-9ECB-6623E93A786C}.Debug|Any CPU.ActiveCfg = Debug|x64
		{EA18B233-5282-4B56-9ECB-6623E93A786C}.Debug|Any CPU.Build.0 = Debug|x64
		{EA18B233-5282-4B56-9ECB-6623E93A786C}.Debug|x64.ActiveCfg = Debug|x64
		{EA18B233-5282-4B56-9ECB-6623E93A786C}.Debug|x64.Build.0 = Debug|x64
		{EA18B233-5282-4B56-9ECB-6623E93A786C}.Debug|x86.ActiveCfg = Debug|Win32
		{EA18B233-5282-4B56-9ECB-6623E93A786C}.Debug|x86.Build.0 = Debug|Win32
		{EA18B233-5282-4B56-9ECB-6623E93A786C}.Release|Any CPU.ActiveCfg = Release|x64
		{EA18B233-5282-4B56-9ECB-6623E93A786C}.Release|Any CPU.Build.0 = Release|x64
		{EA18B233-5282-4B56-9ECB-6623E93A786C}.Release|x64.ActiveCfg = Release|x64
		{EA18B233-5282-4B56-9ECB-6623E93A786C}.Release|x64.Build.0 = Release|x64
		{EA18B233-5282-4B56-9ECB-6623E93A786C}.Release|x86.ActiveCfg = Release|Win32
		{EA18B233-5282-4B56-9ECB-6623E93A786C}.Release|x86.Build.0 = Release|Win32
		{00931861-5D56-452A-B121-D0A8A4393AA1}.Debug|Any CPU.ActiveCfg = Debug|x64
		{00931861-5D56-452A-B121-D0A8A4393AA1}.Debug|Any CPU.Build.0 = Debug|x64
		{00931861-5D56-452A-B121-D0A8A4393AA1}.Debug|x64.ActiveCfg = Debug|x64
		{00931861-5D56-452A-B121-D0A8A4393AA1}.Debug|x64.Build.0 = Debug|x64
		{00931861-5D56-452A-B121-D0A8A4393AA1}.Debug|x86.ActiveCfg = Debug|Win32
		{00931861-5D56-452A-B121-D0A8A4393AA1}.Debug|x86.Build.0 = Debug|Win32
		{00931861-5D56-452A-B121-D0A8A4393AA1}.Release|Any CPU.ActiveCfg = Release|x64
		{00931861-5D56-452A-B121-D0A8A4393AA1}.Release|Any CPU.Build.0 = Release|x64
		{00931861-5D56-452A-B121-D0A8A4393AA1}.Release|x64.ActiveCfg = Release|x64
		{00931861-5D56-452A-B121-D0A8A4393AA1}.Release|x64.Build.0 = Release|x64
		{00931861-5D56-452A-B121-D0A8A4393AA1}.Release|x86.ActiveCfg = Release|Win32
		{00931861-5D56-452A-B121-D0A8A4393AA1}.Release|x86.Build.0 = Release|Win32
		{A8A7A5EE-A1AE-4A8A-9FF4-999063E3BFC0}.Debug|Any CPU.ActiveCfg = Debug|x64
		{A8A7A5EE-A1AE-4A8A-9FF4-999063E3BFC0}.Debug|Any CPU.Build.0 = Debug|x64
		{A8A7A5EE-A1AE-4A8A-9FF4-999063E3BFC0}.Debug|x64.ActiveCfg = Debug|x64
		{A8A7A5EE-A1AE-4A8A-9FF4-999063E3BFC0}.Debug|x64.Build.0 = Debug|x64
		{A8A7A5EE-A1AE-4A8A-9FF4-999063E3BFC0}.Debug|x86.ActiveCfg = Debug|Win32
		{A8A7A5EE-A1AE-4A8A-9FF4-999063E3BFC0}.Debug|x86.Build.0 = Debug|Win32
		{A8A7A5EE-A1AE-4A8A-9FF4-999063E3BFC0}.Release|Any CPU.ActiveCfg = Release|x64
		{A8A7A5EE-A1AE-4A8A-9FF4-999063E3BFC0}.Release|Any CPU.Build.0 = Release|x64
		{A8A7A5EE-A1AE-4A8A-9FF4-999063E3BFC0}.Release|x64.ActiveCfg = Release|x64
		{A8A7A5EE-A1AE-4A8A-9FF4-999063E3BFC0}.Release|x64.Build.0 = Release|x64
		{A8A7A5EE-A1AE-4A8A-9FF4-999063E3BFC0}.Release|x86.ActiveCfg = Release|Win32
		{A8A7A5EE-A1AE-4A8A-9FF4-999063E3BFC0}.Release|x86.Build.0 = Release|Win32
		{F76F1E80-99DD-4F38-9B51-ED1CB08DE596}.Debug|Any CPU.ActiveCfg = Debug|x64
		{F76F1E80-99DD-4F38-9B51-ED1CB08DE596}.Debug|Any CPU.Build.0 = Debug|x64
		{F76F1E80-99DD-4F38-9B51-ED1CB08DE596}.Debug|x64.ActiveCfg = Debug|x64
		{F76F1E80-99DD-4F38-9B51-ED1CB08DE596}.Debug|x64.Build.0 = Debug|x64
		{F76F1E80-99DD-4F38-9B51-ED1CB08DE596}.Debug|x86.ActiveCfg = Debug|Win32
		{F76F1E80-99DD-4F38-9B51-ED1CB08DE596}.Debug|x86.Build.0 = Debug|Win32
		{F76F1E80-99DD-4F38-9B51-ED1CB08DE596}.Release|Any CPU.ActiveCfg = Release|x64
		{F76F1E80-99DD-4F38-9B51-ED1CB08DE596}.Release|Any CPU.Build.0 = Release|x64
		{F76F1E80-99DD-4F38-9B51-ED1CB08DE596}.Release|x64.ActiveCfg = Release|x64
		{F76F1E80-99DD-4F38-9B51-ED1CB08DE596}.Release|x64.Build.0 = Release|x64
		{F76F1E80-99DD-4F38-9B51-ED1CB08DE596}.Release|x86.ActiveCfg = Release|Win32
		{F76F1E80-99DD-4F38-9B51-ED1CB08DE596}.Release|x86.Build.0 = Release|Win32
		{2614DCC8-8AAD-4660-9D3D-9E15757E3310}.Debug|Any CPU.ActiveCfg = Debug|x64
		{2614DCC8-8AAD-4660-9D3D-9E15757E3310}.Debug|Any CPU.Build.0 = Debug|x64
		{2614DCC8-8AAD-4660-9D3D-9E15757E3310}.Debug|x64.ActiveCfg = Debug|x64
		{2614DCC8-8AAD-4660-9D3D-9E15757E3310}.Debug|x64.Build.0 = Debug|x64
		{2614DCC8-8AAD-4660-9D3D-9E15757E3310}.Debug|x86.ActiveCfg = Debug|Win32
		{2614DCC8-8AAD-4660-9D3D-9E15757E3310}.Debug|x86.Build.0 = Debug|Win32
		{2614DCC8-8AAD-4660-9D3D-9E15757E3310}.Release|Any CPU.ActiveCfg = Release|x64
		{2614DCC8-8AAD-4660-9D3D-9E15757E3310}.Release|Any CPU.Build.0 = Release|x64
		{2614DCC8-8AAD-4660-9D3D-9E15757E3310}.Release|x64.ActiveCfg = Release|x64
		{2614DCC8-8AAD-4660-9D3D-9E15757E3310}.Release|x64.Build.0 = Release|x64
		{2614DCC8-8AAD-4660-9D3D-9E15757E3310}.Release|x86.ActiveCfg = Release|Win32
		{2614DCC8-8AAD-4660-9D3D-9E15757E3310}.Release|x86.Build.0 = Release|Win32
		{F9CAF647-4E4F-42AD-BF95-DC8730E3FC7C}.Debug|Any CPU.ActiveCfg = Debug|x64
		{F9CAF647-4E4F-42AD-BF95-DC8730E3FC7C}.Debug|Any CPU.Build.0 = Debug|x64
		{F9CAF647-4E4F-42AD-BF95-DC8730E3FC7C}.Debug|x64.ActiveCfg = Debug|x64
		{F9CAF647-4E4F-42AD-BF95-DC8730E3FC7C}.Debug|x64.Build.0 = Debug|x64
		{F9CAF647-4E4F-42AD-BF95-DC8730E3FC7C}.Debug|x86.ActiveCfg = Debug|Win32
		{F9CAF647-4E4F-42AD-BF95-DC8730E3FC7C}.Debug|x86.Build.0 = Debug|Win32
		{F9CAF647-4E4F-42AD-BF95-DC8730E3FC7C}.Release|Any CPU.ActiveCfg = Release|x64
		{F9CAF647-4E4F-42AD-BF95-DC8730E3FC7C}.Release|Any CPU.Build.0 = Release|x64
		{F9CAF647-4E4F-42AD-BF95-DC8730E3FC7C}.Release|x64.ActiveCfg = Release|x64
		{F9CAF647-4E4F-42AD-BF95-DC8730E3FC7C}.Release|x64.Build.0 = Release|x64
		{F9CAF647-4E4F-42AD-BF95-DC8730E3FC7C}.Release|x86.ActiveCfg = Release|Win32
		{F9CAF647-4E4F-42AD-BF95-DC8730E3FC7C}.Release|x86.Build.0 = Release|Win32
		{A6BA4703-2BCA-4A26-B206-598208768D77}.Debug|Any CPU.ActiveCfg = Debug|x64
		{A6BA4703-2BCA-4A26-B206-598208768D77}.Debug|Any CPU.Build.0 = Debug|x64
		{A6BA4703-2BCA-4A26-B206-598208768D77}.Debug|x64.ActiveCfg = Debug|x64
		{A6BA4703-2BCA-4A26-B206-598208768D77}.Debug|x64.Build.0 = Debug|x64
		{A6BA4703-2BCA-4A26-B206-598208768D77}.Debug|x86.ActiveCfg = Debug|Win32
		{A6BA4703-2BCA-4A26-B206-598208768D77}.Debug|x86.Build.0 = Debug|Win32
		{A6BA4703-2BCA-4A26-B206-598208768D77}.Release|Any CPU.ActiveCfg = Release|x64
		{A6BA4703-2BCA-4A26-B206-598208768D77}.Release|Any CPU.Build.0 = Release|x64
		{A6BA4703-2BCA-4A26-B206-598208768D77}.Release|x64.ActiveCfg = Release|x64
		{A6BA4703-2BCA-4A26-B206-598208768D77}.Release|x64.Build.0 = Release|x64
		{A6BA4703-2BCA-4A26-B206-598208768D77}.Release|x86.ActiveCfg = Release|Win32
		{A6BA4703-2BCA-4A26-B206-598208768D77}.Release|x86.Build.0 = Release|Win32
		{4968AD6F-271C-4467-AA4F-E50A8222A9AE}.Debug|Any CPU.ActiveCfg = Debug|x64
		{4968AD6F-271C-4467-AA4F-E50A8222A9AE}.Debug|Any CPU.Build.0 = Debug|x64
		{4968AD6F-271C-4467-AA4F-E50A8222A9AE}.Debug|x64.ActiveCfg = Debug|x64
		{4968AD6F-271C-4467-AA4F-E50A8222A9AE}.Debug|x64.Build.0 = Debug|x64
		{4968AD6F-271C-4467-AA4F-E50A8222A9AE}.Debug|x86.ActiveCfg = Debug|Win32
		{4968AD6F-271C-4467-AA4F-E50A8222A9AE}.Debug|x86.Build.0 = Debug|Win32
		{4968AD6F-271C-4467-AA4F-E50A8222A9AE}.Release|Any CPU.ActiveCfg = Release|x64
		{4968AD6F-271C-4467-AA4F-E50A8222A9AE}.Release|Any CPU.Build.0 = Release|x64
		{4968AD6F-271C-4467-AA4F-E50A8222A9AE}.Release|x64.ActiveCfg = Release|x64
		{4968AD6F-271C-4467-AA4F-E50A8222A9AE}.Release|x64.Build.0 = Release|x64
		{4968AD6F-271C-4467-AA4F-E50A8222A9AE}.Release|x86.ActiveCfg = Release|Win32
		{4968AD6F-271C-4467-AA4F-E50A8222A9AE}.Release|x86.Build.0 = Release|Win32
		{90803A8E-7D84-4797-B9EA-F3C7EE672FC9}.Debug|Any CPU.ActiveCfg = Debug|x64
		{90803A8E-7D84-4797-B9EA-F3C7EE672FC9}.Debug|Any CPU.Build.0 = Debug|x64
		{90803A8E-7D84-4797-B9EA-F3C7EE672FC9}.Debug|x64.ActiveCfg = Debug|x64
		{90803A8E-7D84-4797-B9EA-F3C7EE672FC9}.Debug|x64.Build.0 = Debug|x64
		{90803A8E-7D84-4797-B9EA-F3C7EE672FC9}.Debug|x86.ActiveCfg = Debug|Win32
		{90803A8E-7D84-4797-B9EA-F3C7EE672FC9}.Debug|x86.Build.0 = Debug|Win32
		{90803A8E-7D84-4797-B9EA-F3C7EE672FC9}.Release|Any CPU.ActiveCfg = Release|x64
		{90803A8E-7D84-4797-B9EA-F3C7EE672FC9}.Release|Any CPU.Build.0 = Release|x64
		{90803A8E-7D84-4797-B9EA-F3C7EE672FC9}.Release|x64.ActiveCfg = Release|x64
		{90803A8E-7D84-4797-B9EA-F3C7EE672FC9}.Release|x64.Build.0 = Release|x64
		{90803A8E-7D84-4797-B9EA-F3C7EE672FC9}.Release|x86.ActiveCfg = Release|Win32
		{90803A8E-7D84-4797-B9EA-F3C7EE672FC9}.Release|x86.Build.0 = Release|Win32
		{E28A2013-ADC8-4FFF-8F46-554E7CD83AF3}.Debug|Any CPU.ActiveCfg = Debug|x64
		{E28A2013-ADC8-4FFF-8F46-554E7CD83AF3}.Debug|Any CPU.Build.0 = Debug|x64
		{E28A2013-ADC8-4FFF-8F46-554E7CD83AF3}.Debug|x64.ActiveCfg = Debug|x64
		{E28A2013-ADC8-4FFF-8F46-554E7CD83AF3}.Debug|x64.Build.0 = Debug|x64
		{E28A2013-ADC8-4FFF-8F46-554E7CD83AF3}.Debug|x86.ActiveCfg = Debug|Win32
		{E28A2013-ADC8-4FFF-8F46-554E7CD83AF3}.Debug|x86.Build.0 = Debug|Win32
		{E28A2013-ADC8-4FFF-8F46-554E7CD83AF3}.Release|Any CPU.ActiveCfg = Release|x64
		{E28A2013-ADC8-4FFF-8F46-554E7CD83AF3}.Release|Any CPU.Build.0 = Release|x64
		{E28A2013-ADC8-4FFF-8F46-554E7CD83AF3}.Release|x64.ActiveCfg = Release|x64
		{E28A2013-ADC8-4FFF-8F46-554E7CD83AF3}.Release|x64.Build.0 = Release|x64
		{E28A2013-ADC8-4FFF-8F46-554E7CD83AF3}.Release|x86.ActiveCfg = Release|Win32
		{E28A2013-ADC8-4FFF-8F46-554E7CD83AF3}.Release|x86.Build.0 = Release|Win32
		{B1078544-D8B3-4E7F-8941-B541461CC123}.Debug|Any CPU.ActiveCfg = Debug|x64
		{B1078544-D8B3-4E7F-8941-B541461CC123}.Debug|Any CPU.Build.0 = Debug|x64
		{B1078544-D8B3-4E7F-8941-B541461CC123}.Debug|x64.ActiveCfg = Debug|x64
		{B1078544-D8B3-4E7F-8941-B541461CC123}.Debug|x64.Build.0 = Debug|x64
		{B1078544-D8B3-4E7F-8941-B541461CC123}.Debug|x86.ActiveCfg = Debug|Win32
		{B1078544-D8B3-4E7F-8941-B541461CC123}.Debug|x86.Build.0 = Debug|Win32
		{B1078544-D8B3-4E7F-8941-B541461CC123}.Release|Any CPU.ActiveCfg = Release|x64
		{B1078544-D8B3-4E7F-8941-B541461CC123}.Release|Any CPU.Build.0 = Release|x64
		{B1078544-D8B3-4E7F-8941-B541461CC123}.Release|x64.ActiveCfg = Release|x64
		{B1078544-D8B3-4E7F-8941-B541461CC123}.Release|x64.Build.0 = Release|x64
		{B1078544-D8B3-4E7F-8941-B541461CC123}.Release|x86.ActiveCfg = Release|Win32
		{B1078544-D8B3-4E7F-8941-B541461CC123}.Release|x86.Build.0 = Release|Win32
		{BE4B848B-A71C-4326-8684-F7A62F77247D}.Debug|Any CPU.ActiveCfg = Debug|x64
		{BE4B848B-A71C-4326-8684-F7A62F77247D}.Debug|Any CPU.Build.0 = Debug|x64
		{BE4B848B-A71C-4326-8684-F7A62F77247D}.Debug|x64.ActiveCfg = Debug|x64
		{BE4B848B-A71C-4326-8684-F7A62F77247D}.Debug|x64.Build.0 = Debug|x64
		{BE4B848B-A71C-4326-8684-F7A62F77247D}.Debug|x86.ActiveCfg = Debug|Win32
		{BE4B848B-A71C-4326-8684-F7A62F77247D}.Debug|x86.Build.0 = Debug|Win32
		{BE4B848B-A71C-4326-8684-F7A62F77247D}.Release|Any CPU.ActiveCfg = Release|x64
		{BE4B848B-A71C-4326-8684-F7A62F77247D}.Release|Any CPU.Build.0 = Release|x64
		{BE4B848B-A71C-4326-8684-F7A62F77247D}.Release|x64.ActiveCfg = Release|x64
		{BE4B848B-A71C-4326-8684-F7A62F77247D}.Release|x64.Build.0 = Release|x64
		{BE4B848B-A71C-4326-8684-F7A62F77247D}.Release|x86.ActiveCfg = Release|Win32
		{BE4B848B-A71C-4326-8684-F7A62F77247D}.Release|x86.Build.0 = Release|Win32
		{FCAFF31B-BBE8-4B02-B03A-C219F0702DC0}.Debug|Any CPU.ActiveCfg = Debug|Any CPU
		{FCAFF31B-BBE8-4B02-B03A-C219F0702DC0}.Debug|Any CPU.Build.0 = Debug|Any CPU
		{FCAFF31B-BBE8-4B02-B03A-C219F0702DC0}.Debug|x64.ActiveCfg = Debug|Any CPU
		{FCAFF31B-BBE8-4B02-B03A-C219F0702DC0}.Debug|x64.Build.0 = Debug|Any CPU
		{FCAFF31B-BBE8-4B02-B03A-C219F0702DC0}.Debug|x86.ActiveCfg = Debug|Any CPU
		{FCAFF31B-BBE8-4B02-B03A-C219F0702DC0}.Debug|x86.Build.0 = Debug|Any CPU
		{FCAFF31B-BBE8-4B02-B03A-C219F0702DC0}.Release|Any CPU.ActiveCfg = Release|Any CPU
		{FCAFF31B-BBE8-4B02-B03A-C219F0702DC0}.Release|Any CPU.Build.0 = Release|Any CPU
		{FCAFF31B-BBE8-4B02-B03A-C219F0702DC0}.Release|x64.ActiveCfg = Release|Any CPU
		{FCAFF31B-BBE8-4B02-B03A-C219F0702DC0}.Release|x64.Build.0 = Release|Any CPU
		{FCAFF31B-BBE8-4B02-B03A-C219F0702DC0}.Release|x86.ActiveCfg = Release|Any CPU
		{FCAFF31B-BBE8-4B02-B03A-C219F0702DC0}.Release|x86.Build.0 = Release|Any CPU
		{C843A288-8EFE-46F9-B130-7FF6239525A8}.Debug|Any CPU.ActiveCfg = Debug|Any CPU
		{C843A288-8EFE-46F9-B130-7FF6239525A8}.Debug|Any CPU.Build.0 = Debug|Any CPU
		{C843A288-8EFE-46F9-B130-7FF6239525A8}.Debug|x64.ActiveCfg = Debug|Any CPU
		{C843A288-8EFE-46F9-B130-7FF6239525A8}.Debug|x64.Build.0 = Debug|Any CPU
		{C843A288-8EFE-46F9-B130-7FF6239525A8}.Debug|x86.ActiveCfg = Debug|Any CPU
		{C843A288-8EFE-46F9-B130-7FF6239525A8}.Debug|x86.Build.0 = Debug|Any CPU
		{C843A288-8EFE-46F9-B130-7FF6239525A8}.Release|Any CPU.ActiveCfg = Release|Any CPU
		{C843A288-8EFE-46F9-B130-7FF6239525A8}.Release|Any CPU.Build.0 = Release|Any CPU
		{C843A288-8EFE-46F9-B130-7FF6239525A8}.Release|x64.ActiveCfg = Release|Any CPU
		{C843A288-8EFE-46F9-B130-7FF6239525A8}.Release|x64.Build.0 = Release|Any CPU
		{C843A288-8EFE-46F9-B130-7FF6239525A8}.Release|x86.ActiveCfg = Release|Any CPU
		{C843A288-8EFE-46F9-B130-7FF6239525A8}.Release|x86.Build.0 = Release|Any CPU
		{41656093-EF78-4804-9EAA-DE2DAC8C91FD}.Debug|Any CPU.ActiveCfg = Debug|x64
		{41656093-EF78-4804-9EAA-DE2DAC8C91FD}.Debug|Any CPU.Build.0 = Debug|x64
		{41656093-EF78-4804-9EAA-DE2DAC8C91FD}.Debug|x64.ActiveCfg = Debug|x64
		{41656093-EF78-4804-9EAA-DE2DAC8C91FD}.Debug|x64.Build.0 = Debug|x64
		{41656093-EF78-4804-9EAA-DE2DAC8C91FD}.Debug|x86.ActiveCfg = Debug|Win32
		{41656093-EF78-4804-9EAA-DE2DAC8C91FD}.Debug|x86.Build.0 = Debug|Win32
		{41656093-EF78-4804-9EAA-DE2DAC8C91FD}.Release|Any CPU.ActiveCfg = Release|x64
		{41656093-EF78-4804-9EAA-DE2DAC8C91FD}.Release|Any CPU.Build.0 = Release|x64
		{41656093-EF78-4804-9EAA-DE2DAC8C91FD}.Release|x64.ActiveCfg = Release|x64
		{41656093-EF78-4804-9EAA-DE2DAC8C91FD}.Release|x64.Build.0 = Release|x64
		{41656093-EF78-4804-9EAA-DE2DAC8C91FD}.Release|x86.ActiveCfg = Release|Win32
		{41656093-EF78-4804-9EAA-DE2DAC8C91FD}.Release|x86.Build.0 = Release|Win32
		{2E732D7A-7625-4E37-B38F-19C7CE94202A}.Debug|Any CPU.ActiveCfg = Debug|x64
		{2E732D7A-7625-4E37-B38F-19C7CE94202A}.Debug|Any CPU.Build.0 = Debug|x64
		{2E732D7A-7625-4E37-B38F-19C7CE94202A}.Debug|x64.ActiveCfg = Debug|x64
		{2E732D7A-7625-4E37-B38F-19C7CE94202A}.Debug|x64.Build.0 = Debug|x64
		{2E732D7A-7625-4E37-B38F-19C7CE94202A}.Debug|x86.ActiveCfg = Debug|Win32
		{2E732D7A-7625-4E37-B38F-19C7CE94202A}.Debug|x86.Build.0 = Debug|Win32
		{2E732D7A-7625-4E37-B38F-19C7CE94202A}.Release|Any CPU.ActiveCfg = Release|x64
		{2E732D7A-7625-4E37-B38F-19C7CE94202A}.Release|Any CPU.Build.0 = Release|x64
		{2E732D7A-7625-4E37-B38F-19C7CE94202A}.Release|x64.ActiveCfg = Release|x64
		{2E732D7A-7625-4E37-B38F-19C7CE94202A}.Release|x64.Build.0 = Release|x64
		{2E732D7A-7625-4E37-B38F-19C7CE94202A}.Release|x86.ActiveCfg = Release|Win32
		{2E732D7A-7625-4E37-B38F-19C7CE94202A}.Release|x86.Build.0 = Release|Win32
		{4BECE155-C782-4905-95EA-BF87BFAA6AF2}.Debug|Any CPU.ActiveCfg = Debug|x64
		{4BECE155-C782-4905-95EA-BF87BFAA6AF2}.Debug|x64.ActiveCfg = Debug|x64
		{4BECE155-C782-4905-95EA-BF87BFAA6AF2}.Debug|x86.ActiveCfg = Debug|Win32
		{4BECE155-C782-4905-95EA-BF87BFAA6AF2}.Release|Any CPU.ActiveCfg = Release|x64
		{4BECE155-C782-4905-95EA-BF87BFAA6AF2}.Release|x64.ActiveCfg = Release|x64
		{4BECE155-C782-4905-95EA-BF87BFAA6AF2}.Release|x86.ActiveCfg = Release|Win32
		{26BA5D7A-A2E2-471A-BDA5-136A34469EF1}.Debug|Any CPU.ActiveCfg = Debug|x64
		{26BA5D7A-A2E2-471A-BDA5-136A34469EF1}.Debug|Any CPU.Build.0 = Debug|x64
		{26BA5D7A-A2E2-471A-BDA5-136A34469EF1}.Debug|x64.ActiveCfg = Debug|x64
		{26BA5D7A-A2E2-471A-BDA5-136A34469EF1}.Debug|x64.Build.0 = Debug|x64
		{26BA5D7A-A2E2-471A-BDA5-136A34469EF1}.Debug|x86.ActiveCfg = Debug|Win32
		{26BA5D7A-A2E2-471A-BDA5-136A34469EF1}.Debug|x86.Build.0 = Debug|Win32
		{26BA5D7A-A2E2-471A-BDA5-136A34469EF1}.Release|Any CPU.ActiveCfg = Release|x64
		{26BA5D7A-A2E2-471A-BDA5-136A34469EF1}.Release|Any CPU.Build.0 = Release|x64
		{26BA5D7A-A2E2-471A-BDA5-136A34469EF1}.Release|x64.ActiveCfg = Release|x64
		{26BA5D7A-A2E2-471A-BDA5-136A34469EF1}.Release|x64.Build.0 = Release|x64
		{26BA5D7A-A2E2-471A-BDA5-136A34469EF1}.Release|x86.ActiveCfg = Release|Win32
		{26BA5D7A-A2E2-471A-BDA5-136A34469EF1}.Release|x86.Build.0 = Release|Win32
		{7C0C168E-A6AC-4751-B8C4-298C53A42D30}.Debug|Any CPU.ActiveCfg = Debug|x64
		{7C0C168E-A6AC-4751-B8C4-298C53A42D30}.Debug|Any CPU.Build.0 = Debug|x64
		{7C0C168E-A6AC-4751-B8C4-298C53A42D30}.Debug|x64.ActiveCfg = Debug|x64
		{7C0C168E-A6AC-4751-B8C4-298C53A42D30}.Debug|x64.Build.0 = Debug|x64
		{7C0C168E-A6AC-4751-B8C4-298C53A42D30}.Debug|x86.ActiveCfg = Debug|Win32
		{7C0C168E-A6AC-4751-B8C4-298C53A42D30}.Debug|x86.Build.0 = Debug|Win32
		{7C0C168E-A6AC-4751-B8C4-298C53A42D30}.Release|Any CPU.ActiveCfg = Release|x64
		{7C0C168E-A6AC-4751-B8C4-298C53A42D30}.Release|Any CPU.Build.0 = Release|x64
		{7C0C168E-A6AC-4751-B8C4-298C53A42D30}.Release|x64.ActiveCfg = Release|x64
		{7C0C168E-A6AC-4751-B8C4-298C53A42D30}.Release|x64.Build.0 = Release|x64
		{7C0C168E-A6AC-4751-B8C4-298C53A42D30}.Release|x86.ActiveCfg = Release|Win32
		{7C0C168E-A6AC-4751-B8C4-298C53A42D30}.Release|x86.Build.0 = Release|Win32
	EndGlobalSection
	GlobalSection(SolutionProperties) = preSolution
		HideSolutionNode = FALSE
	EndGlobalSection
	GlobalSection(NestedProjects) = preSolution
		{F76F1E80-99DD-4F38-9B51-ED1CB08DE596} = {499157E1-0C72-4F16-B351-B1B1D398008A}
		{2614DCC8-8AAD-4660-9D3D-9E15757E3310} = {499157E1-0C72-4F16-B351-B1B1D398008A}
		{F9CAF647-4E4F-42AD-BF95-DC8730E3FC7C} = {499157E1-0C72-4F16-B351-B1B1D398008A}
		{A6BA4703-2BCA-4A26-B206-598208768D77} = {499157E1-0C72-4F16-B351-B1B1D398008A}
		{4968AD6F-271C-4467-AA4F-E50A8222A9AE} = {499157E1-0C72-4F16-B351-B1B1D398008A}
		{90803A8E-7D84-4797-B9EA-F3C7EE672FC9} = {499157E1-0C72-4F16-B351-B1B1D398008A}
		{E28A2013-ADC8-4FFF-8F46-554E7CD83AF3} = {499157E1-0C72-4F16-B351-B1B1D398008A}
		{B1078544-D8B3-4E7F-8941-B541461CC123} = {499157E1-0C72-4F16-B351-B1B1D398008A}
		{FCAFF31B-BBE8-4B02-B03A-C219F0702DC0} = {157CA2CF-3E82-4CB8-B2F7-F80083D2D790}
		{C843A288-8EFE-46F9-B130-7FF6239525A8} = {157CA2CF-3E82-4CB8-B2F7-F80083D2D790}
	EndGlobalSection
	GlobalSection(ExtensibilityGlobals) = postSolution
		SolutionGuid = {B49FE153-85A8-44E2-8CBF-08F08DFAA11A}
	EndGlobalSection
EndGlobal
